
Microsoft Visual Studio Solution File, Format Version 12.00
# Visual Studio 15
VisualStudioVersion = 15.0.26124.0
MinimumVisualStudioVersion = 15.0.26124.0
Project("{9A19103F-16F7-4668-BE54-9A1E7A4F7556}") = "R5T.Goteborg.Octokit.Construction", "R5T.Goteborg.Octokit.Construction\R5T.Goteborg.Octokit.Construction.csproj", "{21222698-0149-49A7-B8DB-CA800425719E}"
EndProject
Project("{9A19103F-16F7-4668-BE54-9A1E7A4F7556}") = "R5T.Goteborg.Octokit", "R5T.Goteborg.Octokit\R5T.Goteborg.Octokit.csproj", "{75D6E80A-58F1-4C60-BAA9-71375CA9A431}"
EndProject
Project("{9A19103F-16F7-4668-BE54-9A1E7A4F7556}") = "R5T.Goteborg.Octokit.Testing", "R5T.Goteborg.Octokit.Testing\R5T.Goteborg.Octokit.Testing.csproj", "{E5E04397-C0D3-472B-8B62-85EF59BCB5A5}"
EndProject
Project("{2150E333-8FDC-42A3-9474-1A3956D46DE8}") = "_Dependencies", "_Dependencies", "{8AE32190-4E08-4A82-B1F2-9FC7632E2B7B}"
EndProject
Project("{9A19103F-16F7-4668-BE54-9A1E7A4F7556}") = "R5T.Goteborg.Base", "..\..\R5T.Goteborg.Base\source\R5T.Goteborg.Base\R5T.Goteborg.Base.csproj", "{7F5A98DA-3A1B-42F0-89FA-2838D5558ABD}"
EndProject
Project("{9A19103F-16F7-4668-BE54-9A1E7A4F7556}") = "R5T.Polidea", "..\..\R5T.Polidea\source\R5T.Polidea\R5T.Polidea.csproj", "{96B23817-9DCF-4587-854C-DA5C5918689C}"
EndProject
Project("{9A19103F-16F7-4668-BE54-9A1E7A4F7556}") = "R5T.Opatia", "..\..\R5T.Opatia\source\R5T.Opatia\R5T.Opatia.csproj", "{BAFDE821-DE6E-4BF0-8E38-7A1EB153949C}"
EndProject
Project("{9A19103F-16F7-4668-BE54-9A1E7A4F7556}") = "R5T.Coventry", "..\..\R5T.Coventry\source\R5T.Coventry\R5T.Coventry.csproj", "{BD6DA961-1DA3-4BF3-BFF4-680DB78CB581}"
EndProject
Project("{9A19103F-16F7-4668-BE54-9A1E7A4F7556}") = "R5T.Polidea.Sardinia", "..\..\R5T.Polidea.Sardinia\source\R5T.Polidea.Sardinia\R5T.Polidea.Sardinia.csproj", "{5694259B-75D9-4546-BEA3-37FE8B20A238}"
EndProject
Project("{9A19103F-16F7-4668-BE54-9A1E7A4F7556}") = "R5T.Polidea.Suebia", "..\..\R5T.Polidea.Suebia\source\R5T.Polidea.Suebia\R5T.Polidea.Suebia.csproj", "{098414E5-5E01-4CE5-99C0-A3BEA51361C1}"
EndProject
Project("{9A19103F-16F7-4668-BE54-9A1E7A4F7556}") = "R5T.Chamavia", "..\..\R5T.Chamavia\source\R5T.Chamavia\R5T.Chamavia.csproj", "{915415D4-9F74-4C2B-999D-D85C5DE486B5}"
EndProject
Project("{9A19103F-16F7-4668-BE54-9A1E7A4F7556}") = "R5T.Derby", "..\..\R5T.Derby\source\R5T.Derby\R5T.Derby.csproj", "{C1CACDBE-877C-4538-9D49-18C50DA66133}"
EndProject
Project("{9A19103F-16F7-4668-BE54-9A1E7A4F7556}") = "R5T.Ives.Configuration", "..\..\R5T.Ives.Configuration\source\R5T.Ives.Configuration\R5T.Ives.Configuration.csproj", "{26D8B2AF-DABE-4DC4-B13E-0E1EE3992C5F}"
EndProject
Project("{9A19103F-16F7-4668-BE54-9A1E7A4F7556}") = "R5T.Ives.Base", "..\..\R5T.Ives.Base\source\R5T.Ives.Base\R5T.Ives.Base.csproj", "{4A9A5D12-A73D-4BDD-B675-4F7553E3501D}"
EndProject
Project("{9A19103F-16F7-4668-BE54-9A1E7A4F7556}") = "R5T.Leeds", "..\..\R5T.Leeds\source\R5T.Leeds\R5T.Leeds.csproj", "{A396A88E-1893-4928-8EA6-007D19F940BB}"
EndProject
Project("{9A19103F-16F7-4668-BE54-9A1E7A4F7556}") = "R5T.Hastings.Default", "..\..\R5T.Hastings.Default\source\R5T.Hastings.Default\R5T.Hastings.Default.csproj", "{206460F4-A9B0-4FFE-8E97-B7D07D0D5C01}"
EndProject
Project("{9A19103F-16F7-4668-BE54-9A1E7A4F7556}") = "R5T.Brighton", "..\..\R5T.Brighton\source\R5T.Brighton\R5T.Brighton.csproj", "{413BE016-89DD-45AD-BAA9-EBAC16DFFFBB}"
EndProject
Project("{9A19103F-16F7-4668-BE54-9A1E7A4F7556}") = "R5T.Delos", "..\..\R5T.Delos\source\R5T.Delos\R5T.Delos.csproj", "{0F45E711-E9E6-4EF1-B8F7-770BF85B74A9}"
EndProject
Project("{9A19103F-16F7-4668-BE54-9A1E7A4F7556}") = "R5T.Stagira", "..\..\R5T.Stagira\source\R5T.Stagira\R5T.Stagira.csproj", "{24B06DF1-E78F-4509-B683-1A7B766EC3BC}"
EndProject
Project("{9A19103F-16F7-4668-BE54-9A1E7A4F7556}") = "R5T.Hastings.Base", "..\..\R5T.Hastings.Base\source\R5T.Hastings.Base\R5T.Hastings.Base.csproj", "{DAE008E3-C7AB-4EFD-BC15-CE81E8515982}"
EndProject
Project("{9A19103F-16F7-4668-BE54-9A1E7A4F7556}") = "R5T.Sardinia", "..\..\R5T.Sardinia\source\R5T.Sardinia\R5T.Sardinia.csproj", "{6D057E83-99C8-473D-A2ED-00842BCFF617}"
EndProject
Project("{9A19103F-16F7-4668-BE54-9A1E7A4F7556}") = "R5T.Dacia", "..\..\R5T.Dacia\source\R5T.Dacia\R5T.Dacia.csproj", "{B01D0449-7B28-4D6A-80D5-A4E85EC6F1C9}"
EndProject
Project("{9A19103F-16F7-4668-BE54-9A1E7A4F7556}") = "R5T.Macommania.Default", "..\..\R5T.Macommania.Default\source\R5T.Macommania.Default\R5T.Macommania.Default.csproj", "{D82FD931-8C7C-4335-999C-35177F373A21}"
EndProject
Project("{9A19103F-16F7-4668-BE54-9A1E7A4F7556}") = "R5T.Lombardy.Base", "..\..\R5T.Lombardy.Base\source\R5T.Lombardy.Base\R5T.Lombardy.Base.csproj", "{B27EED6B-D7EB-4AB0-8044-3B43ED65629C}"
EndProject
Project("{9A19103F-16F7-4668-BE54-9A1E7A4F7556}") = "R5T.Macommania.Base", "..\..\R5T.Macommania.Base\source\R5T.Macommania.Base\R5T.Macommania.Base.csproj", "{3F0B1CE4-5398-4363-82F3-801F49BF828B}"
EndProject
Project("{9A19103F-16F7-4668-BE54-9A1E7A4F7556}") = "R5T.Scotia", "..\..\R5T.Scotia\source\R5T.Scotia\R5T.Scotia.csproj", "{B62BC2A7-09B1-402D-AEF2-0EB7B0361825}"
EndProject
Project("{9A19103F-16F7-4668-BE54-9A1E7A4F7556}") = "R5T.Alamania.Bulgaria", "..\..\R5T.Alamania.Bulgaria\source\R5T.Alamania.Bulgaria\R5T.Alamania.Bulgaria.csproj", "{7C4B85A2-2780-4AA6-8D3A-3C3604CE52E5}"
EndProject
Project("{9A19103F-16F7-4668-BE54-9A1E7A4F7556}") = "R5T.Alamania.Base", "..\..\R5T.Alamania.Base\source\R5T.Alamania.Base\R5T.Alamania.Base.csproj", "{3C966A96-8363-43CB-BBC4-24D1DB32107D}"
EndProject
Project("{9A19103F-16F7-4668-BE54-9A1E7A4F7556}") = "R5T.Bulgaria.Base", "..\..\R5T.Bulgaria.Base\source\R5T.Bulgaria.Base\R5T.Bulgaria.Base.csproj", "{89A77D39-FA0B-4AA5-A6B3-6B735F2E4119}"
EndProject
Project("{9A19103F-16F7-4668-BE54-9A1E7A4F7556}") = "R5T.Costobocia.Base", "..\..\R5T.Costobocia.Base\source\R5T.Costobocia.Base\R5T.Costobocia.Base.csproj", "{A6405FFE-A9F5-417B-B8E0-60E4373AC20F}"
EndProject
Project("{9A19103F-16F7-4668-BE54-9A1E7A4F7556}") = "R5T.Ostrogothia", "..\..\R5T.Ostrogothia\source\R5T.Ostrogothia\R5T.Ostrogothia.csproj", "{8E2EF353-B41F-4442-A992-4630840B0FDD}"
EndProject
Project("{9A19103F-16F7-4668-BE54-9A1E7A4F7556}") = "R5T.Ostrogothia.Rivet", "..\..\R5T.Ostrogothia.Rivet\source\R5T.Ostrogothia.Rivet\R5T.Ostrogothia.Rivet.csproj", "{FAB39323-A405-4981-9805-8B2661EBCE92}"
EndProject
Project("{9A19103F-16F7-4668-BE54-9A1E7A4F7556}") = "R5T.Bulgaria.Default.Local", "..\..\R5T.Bulgaria.Default.Local\source\R5T.Bulgaria.Default.Local\R5T.Bulgaria.Default.Local.csproj", "{EDCD92FD-65D4-4C74-BB55-6D4D32FAF4A2}"
EndProject
Project("{9A19103F-16F7-4668-BE54-9A1E7A4F7556}") = "R5T.Visigothia.Base", "..\..\R5T.Visigothia.Base\source\R5T.Visigothia.Base\R5T.Visigothia.Base.csproj", "{20F8E8B4-5702-4786-A4BD-2E0FC92A1493}"
EndProject
Project("{9A19103F-16F7-4668-BE54-9A1E7A4F7556}") = "R5T.Costobocia.Default", "..\..\R5T.Costobocia.Default\source\R5T.Costobocia.Default\R5T.Costobocia.Default.csproj", "{8AB25FA8-E0F6-44A7-8FB7-8227F98D29C9}"
EndProject
Project("{9A19103F-16F7-4668-BE54-9A1E7A4F7556}") = "R5T.Lombardy", "..\..\R5T.Lombardy\source\R5T.Lombardy\R5T.Lombardy.csproj", "{9FBC97A7-2D65-4340-A055-81F7C26DA85D}"
EndProject
Project("{9A19103F-16F7-4668-BE54-9A1E7A4F7556}") = "R5T.Cherusci", "..\..\R5T.Cherusci\source\R5T.Cherusci\R5T.Cherusci.csproj", "{A577DCE8-0DB5-4403-9147-480B20DED3B5}"
EndProject
Project("{9A19103F-16F7-4668-BE54-9A1E7A4F7556}") = "R5T.Magyar", "..\..\R5T.Magyar\source\R5T.Magyar\R5T.Magyar.csproj", "{6F632649-FA95-4D07-AD23-8BF26620FC7E}"
EndProject
Project("{9A19103F-16F7-4668-BE54-9A1E7A4F7556}") = "R5T.Rugia", "..\..\R5T.Rugia\source\R5T.Rugia\R5T.Rugia.csproj", "{5FA82C9B-B7CC-415E-974E-50A8D90D4D8A}"
EndProject
Project("{9A19103F-16F7-4668-BE54-9A1E7A4F7556}") = "R5T.Rugia.Base", "..\..\R5T.Rugia.Base\source\R5T.Rugia.Base\R5T.Rugia.Base.csproj", "{AAD4DA3B-A8AB-4B50-8463-19FF2F26F898}"
EndProject
Project("{9A19103F-16F7-4668-BE54-9A1E7A4F7556}") = "R5T.Suebia.Alamania", "..\..\R5T.Suebia.Alamania\source\R5T.Suebia.Alamania\R5T.Suebia.Alamania.csproj", "{98E949A0-C178-410F-A58A-44A32275026B}"
EndProject
Project("{9A19103F-16F7-4668-BE54-9A1E7A4F7556}") = "R5T.Suebia.Base", "..\..\R5T.Suebia.Base\source\R5T.Suebia.Base\R5T.Suebia.Base.csproj", "{F49CBF8D-A968-4DAF-9C95-DFF4CBC51DF8}"
EndProject
Project("{9A19103F-16F7-4668-BE54-9A1E7A4F7556}") = "R5T.Suebia.Default", "..\..\R5T.Suebia.Default\source\R5T.Suebia.Default\R5T.Suebia.Default.csproj", "{24A0EC91-48C4-4D73-BD72-54A5C47A089D}"
EndProject
Project("{9A19103F-16F7-4668-BE54-9A1E7A4F7556}") = "R5T.Visigothia.Default.Local", "..\..\R5T.Visigothia.Default.Local\source\R5T.Visigothia.Default.Local\R5T.Visigothia.Default.Local.csproj", "{03D4BFA0-3E3C-48B8-A7E6-3BBFE105B5E0}"
EndProject
Project("{9A19103F-16F7-4668-BE54-9A1E7A4F7556}") = "R5T.Suebia.Hastings", "..\..\R5T.Suebia.Hastings\source\R5T.Suebia.Hastings\R5T.Suebia.Hastings.csproj", "{599F1906-F580-4316-93AD-CD15CA8750E9}"
EndProject
Project("{9A19103F-16F7-4668-BE54-9A1E7A4F7556}") = "R5T.Richmond", "..\..\R5T.Richmond\source\R5T.Richmond\R5T.Richmond.csproj", "{06B87846-B995-42F7-9A24-0566E528348F}"
EndProject
Project("{9A19103F-16F7-4668-BE54-9A1E7A4F7556}") = "R5T.Langobard", "..\..\R5T.Langobard\source\R5T.Langobard\R5T.Langobard.csproj", "{1A94AC32-8BF4-4CBA-95A7-7B6013D1EDB7}"
EndProject
Project("{9A19103F-16F7-4668-BE54-9A1E7A4F7556}") = "R5T.Shrewsbury.Default", "..\..\R5T.Shrewsbury.Default\source\R5T.Shrewsbury.Default\R5T.Shrewsbury.Default.csproj", "{6177562E-F148-4C84-A35C-4864A5A8168E}"
EndProject
Project("{9A19103F-16F7-4668-BE54-9A1E7A4F7556}") = "R5T.Shrewsbury.Base", "..\..\R5T.Shrewsbury.Base\source\R5T.Shrewsbury.Base\R5T.Shrewsbury.Base.csproj", "{0AFD1646-E566-47C0-9218-A0C5B6890077}"
EndProject
Project("{9A19103F-16F7-4668-BE54-9A1E7A4F7556}") = "R5T.Shrewsbury", "..\..\R5T.Shrewsbury\source\R5T.Shrewsbury\R5T.Shrewsbury.csproj", "{2C3B9F19-3D1A-4D9D-B0A3-E01E1A30F631}"
EndProject
Project("{9A19103F-16F7-4668-BE54-9A1E7A4F7556}") = "R5T.Shrewsbury.Extensions", "..\..\R5T.Shrewsbury.Extensions\source\R5T.Shrewsbury.Extensions\R5T.Shrewsbury.Extensions.csproj", "{A70EB94F-DDDA-4A9F-A8F3-FB835F7F23BA}"
EndProject
Project("{9A19103F-16F7-4668-BE54-9A1E7A4F7556}") = "R5T.Suebia.Extensions", "..\..\R5T.Suebia.Extensions\source\R5T.Suebia.Extensions\R5T.Suebia.Extensions.csproj", "{C15F99D3-EFB3-4959-8EEE-E1D6C3E0A2FA}"
EndProject
Project("{9A19103F-16F7-4668-BE54-9A1E7A4F7556}") = "R5T.Goteborg.Octokit.Sardinia", "..\..\R5T.Goteborg.Octokit.Sardinia\source\R5T.Goteborg.Octokit.Sardinia\R5T.Goteborg.Octokit.Sardinia.csproj", "{66155478-9F0B-4B3D-A2A4-24CB73F86576}"
EndProject
Project("{9A19103F-16F7-4668-BE54-9A1E7A4F7556}") = "R5T.Goteborg.Octokit.Default", "..\..\R5T.Goteborg.Octokit.Default\source\R5T.Goteborg.Octokit.Default\R5T.Goteborg.Octokit.Default.csproj", "{E588B50F-46FA-469D-827F-D2D751197F23}"
EndProject
Global
	GlobalSection(SolutionConfigurationPlatforms) = preSolution
		Debug|Any CPU = Debug|Any CPU
		Debug|x64 = Debug|x64
		Debug|x86 = Debug|x86
		Release|Any CPU = Release|Any CPU
		Release|x64 = Release|x64
		Release|x86 = Release|x86
	EndGlobalSection
	GlobalSection(ProjectConfigurationPlatforms) = postSolution
		{21222698-0149-49A7-B8DB-CA800425719E}.Debug|Any CPU.ActiveCfg = Debug|Any CPU
		{21222698-0149-49A7-B8DB-CA800425719E}.Debug|Any CPU.Build.0 = Debug|Any CPU
		{21222698-0149-49A7-B8DB-CA800425719E}.Debug|x64.ActiveCfg = Debug|Any CPU
		{21222698-0149-49A7-B8DB-CA800425719E}.Debug|x64.Build.0 = Debug|Any CPU
		{21222698-0149-49A7-B8DB-CA800425719E}.Debug|x86.ActiveCfg = Debug|Any CPU
		{21222698-0149-49A7-B8DB-CA800425719E}.Debug|x86.Build.0 = Debug|Any CPU
		{21222698-0149-49A7-B8DB-CA800425719E}.Release|Any CPU.ActiveCfg = Release|Any CPU
		{21222698-0149-49A7-B8DB-CA800425719E}.Release|Any CPU.Build.0 = Release|Any CPU
		{21222698-0149-49A7-B8DB-CA800425719E}.Release|x64.ActiveCfg = Release|Any CPU
		{21222698-0149-49A7-B8DB-CA800425719E}.Release|x64.Build.0 = Release|Any CPU
		{21222698-0149-49A7-B8DB-CA800425719E}.Release|x86.ActiveCfg = Release|Any CPU
		{21222698-0149-49A7-B8DB-CA800425719E}.Release|x86.Build.0 = Release|Any CPU
		{75D6E80A-58F1-4C60-BAA9-71375CA9A431}.Debug|Any CPU.ActiveCfg = Debug|Any CPU
		{75D6E80A-58F1-4C60-BAA9-71375CA9A431}.Debug|Any CPU.Build.0 = Debug|Any CPU
		{75D6E80A-58F1-4C60-BAA9-71375CA9A431}.Debug|x64.ActiveCfg = Debug|Any CPU
		{75D6E80A-58F1-4C60-BAA9-71375CA9A431}.Debug|x64.Build.0 = Debug|Any CPU
		{75D6E80A-58F1-4C60-BAA9-71375CA9A431}.Debug|x86.ActiveCfg = Debug|Any CPU
		{75D6E80A-58F1-4C60-BAA9-71375CA9A431}.Debug|x86.Build.0 = Debug|Any CPU
		{75D6E80A-58F1-4C60-BAA9-71375CA9A431}.Release|Any CPU.ActiveCfg = Release|Any CPU
		{75D6E80A-58F1-4C60-BAA9-71375CA9A431}.Release|Any CPU.Build.0 = Release|Any CPU
		{75D6E80A-58F1-4C60-BAA9-71375CA9A431}.Release|x64.ActiveCfg = Release|Any CPU
		{75D6E80A-58F1-4C60-BAA9-71375CA9A431}.Release|x64.Build.0 = Release|Any CPU
		{75D6E80A-58F1-4C60-BAA9-71375CA9A431}.Release|x86.ActiveCfg = Release|Any CPU
		{75D6E80A-58F1-4C60-BAA9-71375CA9A431}.Release|x86.Build.0 = Release|Any CPU
		{E5E04397-C0D3-472B-8B62-85EF59BCB5A5}.Debug|Any CPU.ActiveCfg = Debug|Any CPU
		{E5E04397-C0D3-472B-8B62-85EF59BCB5A5}.Debug|Any CPU.Build.0 = Debug|Any CPU
		{E5E04397-C0D3-472B-8B62-85EF59BCB5A5}.Debug|x64.ActiveCfg = Debug|Any CPU
		{E5E04397-C0D3-472B-8B62-85EF59BCB5A5}.Debug|x64.Build.0 = Debug|Any CPU
		{E5E04397-C0D3-472B-8B62-85EF59BCB5A5}.Debug|x86.ActiveCfg = Debug|Any CPU
		{E5E04397-C0D3-472B-8B62-85EF59BCB5A5}.Debug|x86.Build.0 = Debug|Any CPU
		{E5E04397-C0D3-472B-8B62-85EF59BCB5A5}.Release|Any CPU.ActiveCfg = Release|Any CPU
		{E5E04397-C0D3-472B-8B62-85EF59BCB5A5}.Release|Any CPU.Build.0 = Release|Any CPU
		{E5E04397-C0D3-472B-8B62-85EF59BCB5A5}.Release|x64.ActiveCfg = Release|Any CPU
		{E5E04397-C0D3-472B-8B62-85EF59BCB5A5}.Release|x64.Build.0 = Release|Any CPU
		{E5E04397-C0D3-472B-8B62-85EF59BCB5A5}.Release|x86.ActiveCfg = Release|Any CPU
		{E5E04397-C0D3-472B-8B62-85EF59BCB5A5}.Release|x86.Build.0 = Release|Any CPU
		{7F5A98DA-3A1B-42F0-89FA-2838D5558ABD}.Debug|Any CPU.ActiveCfg = Debug|Any CPU
		{7F5A98DA-3A1B-42F0-89FA-2838D5558ABD}.Debug|Any CPU.Build.0 = Debug|Any CPU
		{7F5A98DA-3A1B-42F0-89FA-2838D5558ABD}.Debug|x64.ActiveCfg = Debug|Any CPU
		{7F5A98DA-3A1B-42F0-89FA-2838D5558ABD}.Debug|x64.Build.0 = Debug|Any CPU
		{7F5A98DA-3A1B-42F0-89FA-2838D5558ABD}.Debug|x86.ActiveCfg = Debug|Any CPU
		{7F5A98DA-3A1B-42F0-89FA-2838D5558ABD}.Debug|x86.Build.0 = Debug|Any CPU
		{7F5A98DA-3A1B-42F0-89FA-2838D5558ABD}.Release|Any CPU.ActiveCfg = Release|Any CPU
		{7F5A98DA-3A1B-42F0-89FA-2838D5558ABD}.Release|Any CPU.Build.0 = Release|Any CPU
		{7F5A98DA-3A1B-42F0-89FA-2838D5558ABD}.Release|x64.ActiveCfg = Release|Any CPU
		{7F5A98DA-3A1B-42F0-89FA-2838D5558ABD}.Release|x64.Build.0 = Release|Any CPU
		{7F5A98DA-3A1B-42F0-89FA-2838D5558ABD}.Release|x86.ActiveCfg = Release|Any CPU
		{7F5A98DA-3A1B-42F0-89FA-2838D5558ABD}.Release|x86.Build.0 = Release|Any CPU
		{96B23817-9DCF-4587-854C-DA5C5918689C}.Debug|Any CPU.ActiveCfg = Debug|Any CPU
		{96B23817-9DCF-4587-854C-DA5C5918689C}.Debug|Any CPU.Build.0 = Debug|Any CPU
		{96B23817-9DCF-4587-854C-DA5C5918689C}.Debug|x64.ActiveCfg = Debug|Any CPU
		{96B23817-9DCF-4587-854C-DA5C5918689C}.Debug|x64.Build.0 = Debug|Any CPU
		{96B23817-9DCF-4587-854C-DA5C5918689C}.Debug|x86.ActiveCfg = Debug|Any CPU
		{96B23817-9DCF-4587-854C-DA5C5918689C}.Debug|x86.Build.0 = Debug|Any CPU
		{96B23817-9DCF-4587-854C-DA5C5918689C}.Release|Any CPU.ActiveCfg = Release|Any CPU
		{96B23817-9DCF-4587-854C-DA5C5918689C}.Release|Any CPU.Build.0 = Release|Any CPU
		{96B23817-9DCF-4587-854C-DA5C5918689C}.Release|x64.ActiveCfg = Release|Any CPU
		{96B23817-9DCF-4587-854C-DA5C5918689C}.Release|x64.Build.0 = Release|Any CPU
		{96B23817-9DCF-4587-854C-DA5C5918689C}.Release|x86.ActiveCfg = Release|Any CPU
		{96B23817-9DCF-4587-854C-DA5C5918689C}.Release|x86.Build.0 = Release|Any CPU
		{BAFDE821-DE6E-4BF0-8E38-7A1EB153949C}.Debug|Any CPU.ActiveCfg = Debug|Any CPU
		{BAFDE821-DE6E-4BF0-8E38-7A1EB153949C}.Debug|Any CPU.Build.0 = Debug|Any CPU
		{BAFDE821-DE6E-4BF0-8E38-7A1EB153949C}.Debug|x64.ActiveCfg = Debug|Any CPU
		{BAFDE821-DE6E-4BF0-8E38-7A1EB153949C}.Debug|x64.Build.0 = Debug|Any CPU
		{BAFDE821-DE6E-4BF0-8E38-7A1EB153949C}.Debug|x86.ActiveCfg = Debug|Any CPU
		{BAFDE821-DE6E-4BF0-8E38-7A1EB153949C}.Debug|x86.Build.0 = Debug|Any CPU
		{BAFDE821-DE6E-4BF0-8E38-7A1EB153949C}.Release|Any CPU.ActiveCfg = Release|Any CPU
		{BAFDE821-DE6E-4BF0-8E38-7A1EB153949C}.Release|Any CPU.Build.0 = Release|Any CPU
		{BAFDE821-DE6E-4BF0-8E38-7A1EB153949C}.Release|x64.ActiveCfg = Release|Any CPU
		{BAFDE821-DE6E-4BF0-8E38-7A1EB153949C}.Release|x64.Build.0 = Release|Any CPU
		{BAFDE821-DE6E-4BF0-8E38-7A1EB153949C}.Release|x86.ActiveCfg = Release|Any CPU
		{BAFDE821-DE6E-4BF0-8E38-7A1EB153949C}.Release|x86.Build.0 = Release|Any CPU
		{BD6DA961-1DA3-4BF3-BFF4-680DB78CB581}.Debug|Any CPU.ActiveCfg = Debug|Any CPU
		{BD6DA961-1DA3-4BF3-BFF4-680DB78CB581}.Debug|Any CPU.Build.0 = Debug|Any CPU
		{BD6DA961-1DA3-4BF3-BFF4-680DB78CB581}.Debug|x64.ActiveCfg = Debug|Any CPU
		{BD6DA961-1DA3-4BF3-BFF4-680DB78CB581}.Debug|x64.Build.0 = Debug|Any CPU
		{BD6DA961-1DA3-4BF3-BFF4-680DB78CB581}.Debug|x86.ActiveCfg = Debug|Any CPU
		{BD6DA961-1DA3-4BF3-BFF4-680DB78CB581}.Debug|x86.Build.0 = Debug|Any CPU
		{BD6DA961-1DA3-4BF3-BFF4-680DB78CB581}.Release|Any CPU.ActiveCfg = Release|Any CPU
		{BD6DA961-1DA3-4BF3-BFF4-680DB78CB581}.Release|Any CPU.Build.0 = Release|Any CPU
		{BD6DA961-1DA3-4BF3-BFF4-680DB78CB581}.Release|x64.ActiveCfg = Release|Any CPU
		{BD6DA961-1DA3-4BF3-BFF4-680DB78CB581}.Release|x64.Build.0 = Release|Any CPU
		{BD6DA961-1DA3-4BF3-BFF4-680DB78CB581}.Release|x86.ActiveCfg = Release|Any CPU
		{BD6DA961-1DA3-4BF3-BFF4-680DB78CB581}.Release|x86.Build.0 = Release|Any CPU
		{5694259B-75D9-4546-BEA3-37FE8B20A238}.Debug|Any CPU.ActiveCfg = Debug|Any CPU
		{5694259B-75D9-4546-BEA3-37FE8B20A238}.Debug|Any CPU.Build.0 = Debug|Any CPU
		{5694259B-75D9-4546-BEA3-37FE8B20A238}.Debug|x64.ActiveCfg = Debug|Any CPU
		{5694259B-75D9-4546-BEA3-37FE8B20A238}.Debug|x64.Build.0 = Debug|Any CPU
		{5694259B-75D9-4546-BEA3-37FE8B20A238}.Debug|x86.ActiveCfg = Debug|Any CPU
		{5694259B-75D9-4546-BEA3-37FE8B20A238}.Debug|x86.Build.0 = Debug|Any CPU
		{5694259B-75D9-4546-BEA3-37FE8B20A238}.Release|Any CPU.ActiveCfg = Release|Any CPU
		{5694259B-75D9-4546-BEA3-37FE8B20A238}.Release|Any CPU.Build.0 = Release|Any CPU
		{5694259B-75D9-4546-BEA3-37FE8B20A238}.Release|x64.ActiveCfg = Release|Any CPU
		{5694259B-75D9-4546-BEA3-37FE8B20A238}.Release|x64.Build.0 = Release|Any CPU
		{5694259B-75D9-4546-BEA3-37FE8B20A238}.Release|x86.ActiveCfg = Release|Any CPU
		{5694259B-75D9-4546-BEA3-37FE8B20A238}.Release|x86.Build.0 = Release|Any CPU
		{098414E5-5E01-4CE5-99C0-A3BEA51361C1}.Debug|Any CPU.ActiveCfg = Debug|Any CPU
		{098414E5-5E01-4CE5-99C0-A3BEA51361C1}.Debug|Any CPU.Build.0 = Debug|Any CPU
		{098414E5-5E01-4CE5-99C0-A3BEA51361C1}.Debug|x64.ActiveCfg = Debug|Any CPU
		{098414E5-5E01-4CE5-99C0-A3BEA51361C1}.Debug|x64.Build.0 = Debug|Any CPU
		{098414E5-5E01-4CE5-99C0-A3BEA51361C1}.Debug|x86.ActiveCfg = Debug|Any CPU
		{098414E5-5E01-4CE5-99C0-A3BEA51361C1}.Debug|x86.Build.0 = Debug|Any CPU
		{098414E5-5E01-4CE5-99C0-A3BEA51361C1}.Release|Any CPU.ActiveCfg = Release|Any CPU
		{098414E5-5E01-4CE5-99C0-A3BEA51361C1}.Release|Any CPU.Build.0 = Release|Any CPU
		{098414E5-5E01-4CE5-99C0-A3BEA51361C1}.Release|x64.ActiveCfg = Release|Any CPU
		{098414E5-5E01-4CE5-99C0-A3BEA51361C1}.Release|x64.Build.0 = Release|Any CPU
		{098414E5-5E01-4CE5-99C0-A3BEA51361C1}.Release|x86.ActiveCfg = Release|Any CPU
		{098414E5-5E01-4CE5-99C0-A3BEA51361C1}.Release|x86.Build.0 = Release|Any CPU
		{915415D4-9F74-4C2B-999D-D85C5DE486B5}.Debug|Any CPU.ActiveCfg = Debug|Any CPU
		{915415D4-9F74-4C2B-999D-D85C5DE486B5}.Debug|Any CPU.Build.0 = Debug|Any CPU
		{915415D4-9F74-4C2B-999D-D85C5DE486B5}.Debug|x64.ActiveCfg = Debug|Any CPU
		{915415D4-9F74-4C2B-999D-D85C5DE486B5}.Debug|x64.Build.0 = Debug|Any CPU
		{915415D4-9F74-4C2B-999D-D85C5DE486B5}.Debug|x86.ActiveCfg = Debug|Any CPU
		{915415D4-9F74-4C2B-999D-D85C5DE486B5}.Debug|x86.Build.0 = Debug|Any CPU
		{915415D4-9F74-4C2B-999D-D85C5DE486B5}.Release|Any CPU.ActiveCfg = Release|Any CPU
		{915415D4-9F74-4C2B-999D-D85C5DE486B5}.Release|Any CPU.Build.0 = Release|Any CPU
		{915415D4-9F74-4C2B-999D-D85C5DE486B5}.Release|x64.ActiveCfg = Release|Any CPU
		{915415D4-9F74-4C2B-999D-D85C5DE486B5}.Release|x64.Build.0 = Release|Any CPU
		{915415D4-9F74-4C2B-999D-D85C5DE486B5}.Release|x86.ActiveCfg = Release|Any CPU
		{915415D4-9F74-4C2B-999D-D85C5DE486B5}.Release|x86.Build.0 = Release|Any CPU
		{C1CACDBE-877C-4538-9D49-18C50DA66133}.Debug|Any CPU.ActiveCfg = Debug|Any CPU
		{C1CACDBE-877C-4538-9D49-18C50DA66133}.Debug|Any CPU.Build.0 = Debug|Any CPU
		{C1CACDBE-877C-4538-9D49-18C50DA66133}.Debug|x64.ActiveCfg = Debug|Any CPU
		{C1CACDBE-877C-4538-9D49-18C50DA66133}.Debug|x64.Build.0 = Debug|Any CPU
		{C1CACDBE-877C-4538-9D49-18C50DA66133}.Debug|x86.ActiveCfg = Debug|Any CPU
		{C1CACDBE-877C-4538-9D49-18C50DA66133}.Debug|x86.Build.0 = Debug|Any CPU
		{C1CACDBE-877C-4538-9D49-18C50DA66133}.Release|Any CPU.ActiveCfg = Release|Any CPU
		{C1CACDBE-877C-4538-9D49-18C50DA66133}.Release|Any CPU.Build.0 = Release|Any CPU
		{C1CACDBE-877C-4538-9D49-18C50DA66133}.Release|x64.ActiveCfg = Release|Any CPU
		{C1CACDBE-877C-4538-9D49-18C50DA66133}.Release|x64.Build.0 = Release|Any CPU
		{C1CACDBE-877C-4538-9D49-18C50DA66133}.Release|x86.ActiveCfg = Release|Any CPU
		{C1CACDBE-877C-4538-9D49-18C50DA66133}.Release|x86.Build.0 = Release|Any CPU
		{26D8B2AF-DABE-4DC4-B13E-0E1EE3992C5F}.Debug|Any CPU.ActiveCfg = Debug|Any CPU
		{26D8B2AF-DABE-4DC4-B13E-0E1EE3992C5F}.Debug|Any CPU.Build.0 = Debug|Any CPU
		{26D8B2AF-DABE-4DC4-B13E-0E1EE3992C5F}.Debug|x64.ActiveCfg = Debug|Any CPU
		{26D8B2AF-DABE-4DC4-B13E-0E1EE3992C5F}.Debug|x64.Build.0 = Debug|Any CPU
		{26D8B2AF-DABE-4DC4-B13E-0E1EE3992C5F}.Debug|x86.ActiveCfg = Debug|Any CPU
		{26D8B2AF-DABE-4DC4-B13E-0E1EE3992C5F}.Debug|x86.Build.0 = Debug|Any CPU
		{26D8B2AF-DABE-4DC4-B13E-0E1EE3992C5F}.Release|Any CPU.ActiveCfg = Release|Any CPU
		{26D8B2AF-DABE-4DC4-B13E-0E1EE3992C5F}.Release|Any CPU.Build.0 = Release|Any CPU
		{26D8B2AF-DABE-4DC4-B13E-0E1EE3992C5F}.Release|x64.ActiveCfg = Release|Any CPU
		{26D8B2AF-DABE-4DC4-B13E-0E1EE3992C5F}.Release|x64.Build.0 = Release|Any CPU
		{26D8B2AF-DABE-4DC4-B13E-0E1EE3992C5F}.Release|x86.ActiveCfg = Release|Any CPU
		{26D8B2AF-DABE-4DC4-B13E-0E1EE3992C5F}.Release|x86.Build.0 = Release|Any CPU
		{4A9A5D12-A73D-4BDD-B675-4F7553E3501D}.Debug|Any CPU.ActiveCfg = Debug|Any CPU
		{4A9A5D12-A73D-4BDD-B675-4F7553E3501D}.Debug|Any CPU.Build.0 = Debug|Any CPU
		{4A9A5D12-A73D-4BDD-B675-4F7553E3501D}.Debug|x64.ActiveCfg = Debug|Any CPU
		{4A9A5D12-A73D-4BDD-B675-4F7553E3501D}.Debug|x64.Build.0 = Debug|Any CPU
		{4A9A5D12-A73D-4BDD-B675-4F7553E3501D}.Debug|x86.ActiveCfg = Debug|Any CPU
		{4A9A5D12-A73D-4BDD-B675-4F7553E3501D}.Debug|x86.Build.0 = Debug|Any CPU
		{4A9A5D12-A73D-4BDD-B675-4F7553E3501D}.Release|Any CPU.ActiveCfg = Release|Any CPU
		{4A9A5D12-A73D-4BDD-B675-4F7553E3501D}.Release|Any CPU.Build.0 = Release|Any CPU
		{4A9A5D12-A73D-4BDD-B675-4F7553E3501D}.Release|x64.ActiveCfg = Release|Any CPU
		{4A9A5D12-A73D-4BDD-B675-4F7553E3501D}.Release|x64.Build.0 = Release|Any CPU
		{4A9A5D12-A73D-4BDD-B675-4F7553E3501D}.Release|x86.ActiveCfg = Release|Any CPU
		{4A9A5D12-A73D-4BDD-B675-4F7553E3501D}.Release|x86.Build.0 = Release|Any CPU
		{A396A88E-1893-4928-8EA6-007D19F940BB}.Debug|Any CPU.ActiveCfg = Debug|Any CPU
		{A396A88E-1893-4928-8EA6-007D19F940BB}.Debug|Any CPU.Build.0 = Debug|Any CPU
		{A396A88E-1893-4928-8EA6-007D19F940BB}.Debug|x64.ActiveCfg = Debug|Any CPU
		{A396A88E-1893-4928-8EA6-007D19F940BB}.Debug|x64.Build.0 = Debug|Any CPU
		{A396A88E-1893-4928-8EA6-007D19F940BB}.Debug|x86.ActiveCfg = Debug|Any CPU
		{A396A88E-1893-4928-8EA6-007D19F940BB}.Debug|x86.Build.0 = Debug|Any CPU
		{A396A88E-1893-4928-8EA6-007D19F940BB}.Release|Any CPU.ActiveCfg = Release|Any CPU
		{A396A88E-1893-4928-8EA6-007D19F940BB}.Release|Any CPU.Build.0 = Release|Any CPU
		{A396A88E-1893-4928-8EA6-007D19F940BB}.Release|x64.ActiveCfg = Release|Any CPU
		{A396A88E-1893-4928-8EA6-007D19F940BB}.Release|x64.Build.0 = Release|Any CPU
		{A396A88E-1893-4928-8EA6-007D19F940BB}.Release|x86.ActiveCfg = Release|Any CPU
		{A396A88E-1893-4928-8EA6-007D19F940BB}.Release|x86.Build.0 = Release|Any CPU
		{206460F4-A9B0-4FFE-8E97-B7D07D0D5C01}.Debug|Any CPU.ActiveCfg = Debug|Any CPU
		{206460F4-A9B0-4FFE-8E97-B7D07D0D5C01}.Debug|Any CPU.Build.0 = Debug|Any CPU
		{206460F4-A9B0-4FFE-8E97-B7D07D0D5C01}.Debug|x64.ActiveCfg = Debug|Any CPU
		{206460F4-A9B0-4FFE-8E97-B7D07D0D5C01}.Debug|x64.Build.0 = Debug|Any CPU
		{206460F4-A9B0-4FFE-8E97-B7D07D0D5C01}.Debug|x86.ActiveCfg = Debug|Any CPU
		{206460F4-A9B0-4FFE-8E97-B7D07D0D5C01}.Debug|x86.Build.0 = Debug|Any CPU
		{206460F4-A9B0-4FFE-8E97-B7D07D0D5C01}.Release|Any CPU.ActiveCfg = Release|Any CPU
		{206460F4-A9B0-4FFE-8E97-B7D07D0D5C01}.Release|Any CPU.Build.0 = Release|Any CPU
		{206460F4-A9B0-4FFE-8E97-B7D07D0D5C01}.Release|x64.ActiveCfg = Release|Any CPU
		{206460F4-A9B0-4FFE-8E97-B7D07D0D5C01}.Release|x64.Build.0 = Release|Any CPU
		{206460F4-A9B0-4FFE-8E97-B7D07D0D5C01}.Release|x86.ActiveCfg = Release|Any CPU
		{206460F4-A9B0-4FFE-8E97-B7D07D0D5C01}.Release|x86.Build.0 = Release|Any CPU
		{413BE016-89DD-45AD-BAA9-EBAC16DFFFBB}.Debug|Any CPU.ActiveCfg = Debug|Any CPU
		{413BE016-89DD-45AD-BAA9-EBAC16DFFFBB}.Debug|Any CPU.Build.0 = Debug|Any CPU
		{413BE016-89DD-45AD-BAA9-EBAC16DFFFBB}.Debug|x64.ActiveCfg = Debug|Any CPU
		{413BE016-89DD-45AD-BAA9-EBAC16DFFFBB}.Debug|x64.Build.0 = Debug|Any CPU
		{413BE016-89DD-45AD-BAA9-EBAC16DFFFBB}.Debug|x86.ActiveCfg = Debug|Any CPU
		{413BE016-89DD-45AD-BAA9-EBAC16DFFFBB}.Debug|x86.Build.0 = Debug|Any CPU
		{413BE016-89DD-45AD-BAA9-EBAC16DFFFBB}.Release|Any CPU.ActiveCfg = Release|Any CPU
		{413BE016-89DD-45AD-BAA9-EBAC16DFFFBB}.Release|Any CPU.Build.0 = Release|Any CPU
		{413BE016-89DD-45AD-BAA9-EBAC16DFFFBB}.Release|x64.ActiveCfg = Release|Any CPU
		{413BE016-89DD-45AD-BAA9-EBAC16DFFFBB}.Release|x64.Build.0 = Release|Any CPU
		{413BE016-89DD-45AD-BAA9-EBAC16DFFFBB}.Release|x86.ActiveCfg = Release|Any CPU
		{413BE016-89DD-45AD-BAA9-EBAC16DFFFBB}.Release|x86.Build.0 = Release|Any CPU
		{0F45E711-E9E6-4EF1-B8F7-770BF85B74A9}.Debug|Any CPU.ActiveCfg = Debug|Any CPU
		{0F45E711-E9E6-4EF1-B8F7-770BF85B74A9}.Debug|Any CPU.Build.0 = Debug|Any CPU
		{0F45E711-E9E6-4EF1-B8F7-770BF85B74A9}.Debug|x64.ActiveCfg = Debug|Any CPU
		{0F45E711-E9E6-4EF1-B8F7-770BF85B74A9}.Debug|x64.Build.0 = Debug|Any CPU
		{0F45E711-E9E6-4EF1-B8F7-770BF85B74A9}.Debug|x86.ActiveCfg = Debug|Any CPU
		{0F45E711-E9E6-4EF1-B8F7-770BF85B74A9}.Debug|x86.Build.0 = Debug|Any CPU
		{0F45E711-E9E6-4EF1-B8F7-770BF85B74A9}.Release|Any CPU.ActiveCfg = Release|Any CPU
		{0F45E711-E9E6-4EF1-B8F7-770BF85B74A9}.Release|Any CPU.Build.0 = Release|Any CPU
		{0F45E711-E9E6-4EF1-B8F7-770BF85B74A9}.Release|x64.ActiveCfg = Release|Any CPU
		{0F45E711-E9E6-4EF1-B8F7-770BF85B74A9}.Release|x64.Build.0 = Release|Any CPU
		{0F45E711-E9E6-4EF1-B8F7-770BF85B74A9}.Release|x86.ActiveCfg = Release|Any CPU
		{0F45E711-E9E6-4EF1-B8F7-770BF85B74A9}.Release|x86.Build.0 = Release|Any CPU
		{24B06DF1-E78F-4509-B683-1A7B766EC3BC}.Debug|Any CPU.ActiveCfg = Debug|Any CPU
		{24B06DF1-E78F-4509-B683-1A7B766EC3BC}.Debug|Any CPU.Build.0 = Debug|Any CPU
		{24B06DF1-E78F-4509-B683-1A7B766EC3BC}.Debug|x64.ActiveCfg = Debug|Any CPU
		{24B06DF1-E78F-4509-B683-1A7B766EC3BC}.Debug|x64.Build.0 = Debug|Any CPU
		{24B06DF1-E78F-4509-B683-1A7B766EC3BC}.Debug|x86.ActiveCfg = Debug|Any CPU
		{24B06DF1-E78F-4509-B683-1A7B766EC3BC}.Debug|x86.Build.0 = Debug|Any CPU
		{24B06DF1-E78F-4509-B683-1A7B766EC3BC}.Release|Any CPU.ActiveCfg = Release|Any CPU
		{24B06DF1-E78F-4509-B683-1A7B766EC3BC}.Release|Any CPU.Build.0 = Release|Any CPU
		{24B06DF1-E78F-4509-B683-1A7B766EC3BC}.Release|x64.ActiveCfg = Release|Any CPU
		{24B06DF1-E78F-4509-B683-1A7B766EC3BC}.Release|x64.Build.0 = Release|Any CPU
		{24B06DF1-E78F-4509-B683-1A7B766EC3BC}.Release|x86.ActiveCfg = Release|Any CPU
		{24B06DF1-E78F-4509-B683-1A7B766EC3BC}.Release|x86.Build.0 = Release|Any CPU
		{DAE008E3-C7AB-4EFD-BC15-CE81E8515982}.Debug|Any CPU.ActiveCfg = Debug|Any CPU
		{DAE008E3-C7AB-4EFD-BC15-CE81E8515982}.Debug|Any CPU.Build.0 = Debug|Any CPU
		{DAE008E3-C7AB-4EFD-BC15-CE81E8515982}.Debug|x64.ActiveCfg = Debug|Any CPU
		{DAE008E3-C7AB-4EFD-BC15-CE81E8515982}.Debug|x64.Build.0 = Debug|Any CPU
		{DAE008E3-C7AB-4EFD-BC15-CE81E8515982}.Debug|x86.ActiveCfg = Debug|Any CPU
		{DAE008E3-C7AB-4EFD-BC15-CE81E8515982}.Debug|x86.Build.0 = Debug|Any CPU
		{DAE008E3-C7AB-4EFD-BC15-CE81E8515982}.Release|Any CPU.ActiveCfg = Release|Any CPU
		{DAE008E3-C7AB-4EFD-BC15-CE81E8515982}.Release|Any CPU.Build.0 = Release|Any CPU
		{DAE008E3-C7AB-4EFD-BC15-CE81E8515982}.Release|x64.ActiveCfg = Release|Any CPU
		{DAE008E3-C7AB-4EFD-BC15-CE81E8515982}.Release|x64.Build.0 = Release|Any CPU
		{DAE008E3-C7AB-4EFD-BC15-CE81E8515982}.Release|x86.ActiveCfg = Release|Any CPU
		{DAE008E3-C7AB-4EFD-BC15-CE81E8515982}.Release|x86.Build.0 = Release|Any CPU
		{6D057E83-99C8-473D-A2ED-00842BCFF617}.Debug|Any CPU.ActiveCfg = Debug|Any CPU
		{6D057E83-99C8-473D-A2ED-00842BCFF617}.Debug|Any CPU.Build.0 = Debug|Any CPU
		{6D057E83-99C8-473D-A2ED-00842BCFF617}.Debug|x64.ActiveCfg = Debug|Any CPU
		{6D057E83-99C8-473D-A2ED-00842BCFF617}.Debug|x64.Build.0 = Debug|Any CPU
		{6D057E83-99C8-473D-A2ED-00842BCFF617}.Debug|x86.ActiveCfg = Debug|Any CPU
		{6D057E83-99C8-473D-A2ED-00842BCFF617}.Debug|x86.Build.0 = Debug|Any CPU
		{6D057E83-99C8-473D-A2ED-00842BCFF617}.Release|Any CPU.ActiveCfg = Release|Any CPU
		{6D057E83-99C8-473D-A2ED-00842BCFF617}.Release|Any CPU.Build.0 = Release|Any CPU
		{6D057E83-99C8-473D-A2ED-00842BCFF617}.Release|x64.ActiveCfg = Release|Any CPU
		{6D057E83-99C8-473D-A2ED-00842BCFF617}.Release|x64.Build.0 = Release|Any CPU
		{6D057E83-99C8-473D-A2ED-00842BCFF617}.Release|x86.ActiveCfg = Release|Any CPU
		{6D057E83-99C8-473D-A2ED-00842BCFF617}.Release|x86.Build.0 = Release|Any CPU
		{B01D0449-7B28-4D6A-80D5-A4E85EC6F1C9}.Debug|Any CPU.ActiveCfg = Debug|Any CPU
		{B01D0449-7B28-4D6A-80D5-A4E85EC6F1C9}.Debug|Any CPU.Build.0 = Debug|Any CPU
		{B01D0449-7B28-4D6A-80D5-A4E85EC6F1C9}.Debug|x64.ActiveCfg = Debug|Any CPU
		{B01D0449-7B28-4D6A-80D5-A4E85EC6F1C9}.Debug|x64.Build.0 = Debug|Any CPU
		{B01D0449-7B28-4D6A-80D5-A4E85EC6F1C9}.Debug|x86.ActiveCfg = Debug|Any CPU
		{B01D0449-7B28-4D6A-80D5-A4E85EC6F1C9}.Debug|x86.Build.0 = Debug|Any CPU
		{B01D0449-7B28-4D6A-80D5-A4E85EC6F1C9}.Release|Any CPU.ActiveCfg = Release|Any CPU
		{B01D0449-7B28-4D6A-80D5-A4E85EC6F1C9}.Release|Any CPU.Build.0 = Release|Any CPU
		{B01D0449-7B28-4D6A-80D5-A4E85EC6F1C9}.Release|x64.ActiveCfg = Release|Any CPU
		{B01D0449-7B28-4D6A-80D5-A4E85EC6F1C9}.Release|x64.Build.0 = Release|Any CPU
		{B01D0449-7B28-4D6A-80D5-A4E85EC6F1C9}.Release|x86.ActiveCfg = Release|Any CPU
		{B01D0449-7B28-4D6A-80D5-A4E85EC6F1C9}.Release|x86.Build.0 = Release|Any CPU
		{D82FD931-8C7C-4335-999C-35177F373A21}.Debug|Any CPU.ActiveCfg = Debug|Any CPU
		{D82FD931-8C7C-4335-999C-35177F373A21}.Debug|Any CPU.Build.0 = Debug|Any CPU
		{D82FD931-8C7C-4335-999C-35177F373A21}.Debug|x64.ActiveCfg = Debug|Any CPU
		{D82FD931-8C7C-4335-999C-35177F373A21}.Debug|x64.Build.0 = Debug|Any CPU
		{D82FD931-8C7C-4335-999C-35177F373A21}.Debug|x86.ActiveCfg = Debug|Any CPU
		{D82FD931-8C7C-4335-999C-35177F373A21}.Debug|x86.Build.0 = Debug|Any CPU
		{D82FD931-8C7C-4335-999C-35177F373A21}.Release|Any CPU.ActiveCfg = Release|Any CPU
		{D82FD931-8C7C-4335-999C-35177F373A21}.Release|Any CPU.Build.0 = Release|Any CPU
		{D82FD931-8C7C-4335-999C-35177F373A21}.Release|x64.ActiveCfg = Release|Any CPU
		{D82FD931-8C7C-4335-999C-35177F373A21}.Release|x64.Build.0 = Release|Any CPU
		{D82FD931-8C7C-4335-999C-35177F373A21}.Release|x86.ActiveCfg = Release|Any CPU
		{D82FD931-8C7C-4335-999C-35177F373A21}.Release|x86.Build.0 = Release|Any CPU
		{B27EED6B-D7EB-4AB0-8044-3B43ED65629C}.Debug|Any CPU.ActiveCfg = Debug|Any CPU
		{B27EED6B-D7EB-4AB0-8044-3B43ED65629C}.Debug|Any CPU.Build.0 = Debug|Any CPU
		{B27EED6B-D7EB-4AB0-8044-3B43ED65629C}.Debug|x64.ActiveCfg = Debug|Any CPU
		{B27EED6B-D7EB-4AB0-8044-3B43ED65629C}.Debug|x64.Build.0 = Debug|Any CPU
		{B27EED6B-D7EB-4AB0-8044-3B43ED65629C}.Debug|x86.ActiveCfg = Debug|Any CPU
		{B27EED6B-D7EB-4AB0-8044-3B43ED65629C}.Debug|x86.Build.0 = Debug|Any CPU
		{B27EED6B-D7EB-4AB0-8044-3B43ED65629C}.Release|Any CPU.ActiveCfg = Release|Any CPU
		{B27EED6B-D7EB-4AB0-8044-3B43ED65629C}.Release|Any CPU.Build.0 = Release|Any CPU
		{B27EED6B-D7EB-4AB0-8044-3B43ED65629C}.Release|x64.ActiveCfg = Release|Any CPU
		{B27EED6B-D7EB-4AB0-8044-3B43ED65629C}.Release|x64.Build.0 = Release|Any CPU
		{B27EED6B-D7EB-4AB0-8044-3B43ED65629C}.Release|x86.ActiveCfg = Release|Any CPU
		{B27EED6B-D7EB-4AB0-8044-3B43ED65629C}.Release|x86.Build.0 = Release|Any CPU
		{3F0B1CE4-5398-4363-82F3-801F49BF828B}.Debug|Any CPU.ActiveCfg = Debug|Any CPU
		{3F0B1CE4-5398-4363-82F3-801F49BF828B}.Debug|Any CPU.Build.0 = Debug|Any CPU
		{3F0B1CE4-5398-4363-82F3-801F49BF828B}.Debug|x64.ActiveCfg = Debug|Any CPU
		{3F0B1CE4-5398-4363-82F3-801F49BF828B}.Debug|x64.Build.0 = Debug|Any CPU
		{3F0B1CE4-5398-4363-82F3-801F49BF828B}.Debug|x86.ActiveCfg = Debug|Any CPU
		{3F0B1CE4-5398-4363-82F3-801F49BF828B}.Debug|x86.Build.0 = Debug|Any CPU
		{3F0B1CE4-5398-4363-82F3-801F49BF828B}.Release|Any CPU.ActiveCfg = Release|Any CPU
		{3F0B1CE4-5398-4363-82F3-801F49BF828B}.Release|Any CPU.Build.0 = Release|Any CPU
		{3F0B1CE4-5398-4363-82F3-801F49BF828B}.Release|x64.ActiveCfg = Release|Any CPU
		{3F0B1CE4-5398-4363-82F3-801F49BF828B}.Release|x64.Build.0 = Release|Any CPU
		{3F0B1CE4-5398-4363-82F3-801F49BF828B}.Release|x86.ActiveCfg = Release|Any CPU
		{3F0B1CE4-5398-4363-82F3-801F49BF828B}.Release|x86.Build.0 = Release|Any CPU
		{B62BC2A7-09B1-402D-AEF2-0EB7B0361825}.Debug|Any CPU.ActiveCfg = Debug|Any CPU
		{B62BC2A7-09B1-402D-AEF2-0EB7B0361825}.Debug|Any CPU.Build.0 = Debug|Any CPU
		{B62BC2A7-09B1-402D-AEF2-0EB7B0361825}.Debug|x64.ActiveCfg = Debug|Any CPU
		{B62BC2A7-09B1-402D-AEF2-0EB7B0361825}.Debug|x64.Build.0 = Debug|Any CPU
		{B62BC2A7-09B1-402D-AEF2-0EB7B0361825}.Debug|x86.ActiveCfg = Debug|Any CPU
		{B62BC2A7-09B1-402D-AEF2-0EB7B0361825}.Debug|x86.Build.0 = Debug|Any CPU
		{B62BC2A7-09B1-402D-AEF2-0EB7B0361825}.Release|Any CPU.ActiveCfg = Release|Any CPU
		{B62BC2A7-09B1-402D-AEF2-0EB7B0361825}.Release|Any CPU.Build.0 = Release|Any CPU
		{B62BC2A7-09B1-402D-AEF2-0EB7B0361825}.Release|x64.ActiveCfg = Release|Any CPU
		{B62BC2A7-09B1-402D-AEF2-0EB7B0361825}.Release|x64.Build.0 = Release|Any CPU
		{B62BC2A7-09B1-402D-AEF2-0EB7B0361825}.Release|x86.ActiveCfg = Release|Any CPU
		{B62BC2A7-09B1-402D-AEF2-0EB7B0361825}.Release|x86.Build.0 = Release|Any CPU
		{7C4B85A2-2780-4AA6-8D3A-3C3604CE52E5}.Debug|Any CPU.ActiveCfg = Debug|Any CPU
		{7C4B85A2-2780-4AA6-8D3A-3C3604CE52E5}.Debug|Any CPU.Build.0 = Debug|Any CPU
		{7C4B85A2-2780-4AA6-8D3A-3C3604CE52E5}.Debug|x64.ActiveCfg = Debug|Any CPU
		{7C4B85A2-2780-4AA6-8D3A-3C3604CE52E5}.Debug|x64.Build.0 = Debug|Any CPU
		{7C4B85A2-2780-4AA6-8D3A-3C3604CE52E5}.Debug|x86.ActiveCfg = Debug|Any CPU
		{7C4B85A2-2780-4AA6-8D3A-3C3604CE52E5}.Debug|x86.Build.0 = Debug|Any CPU
		{7C4B85A2-2780-4AA6-8D3A-3C3604CE52E5}.Release|Any CPU.ActiveCfg = Release|Any CPU
		{7C4B85A2-2780-4AA6-8D3A-3C3604CE52E5}.Release|Any CPU.Build.0 = Release|Any CPU
		{7C4B85A2-2780-4AA6-8D3A-3C3604CE52E5}.Release|x64.ActiveCfg = Release|Any CPU
		{7C4B85A2-2780-4AA6-8D3A-3C3604CE52E5}.Release|x64.Build.0 = Release|Any CPU
		{7C4B85A2-2780-4AA6-8D3A-3C3604CE52E5}.Release|x86.ActiveCfg = Release|Any CPU
		{7C4B85A2-2780-4AA6-8D3A-3C3604CE52E5}.Release|x86.Build.0 = Release|Any CPU
		{3C966A96-8363-43CB-BBC4-24D1DB32107D}.Debug|Any CPU.ActiveCfg = Debug|Any CPU
		{3C966A96-8363-43CB-BBC4-24D1DB32107D}.Debug|Any CPU.Build.0 = Debug|Any CPU
		{3C966A96-8363-43CB-BBC4-24D1DB32107D}.Debug|x64.ActiveCfg = Debug|Any CPU
		{3C966A96-8363-43CB-BBC4-24D1DB32107D}.Debug|x64.Build.0 = Debug|Any CPU
		{3C966A96-8363-43CB-BBC4-24D1DB32107D}.Debug|x86.ActiveCfg = Debug|Any CPU
		{3C966A96-8363-43CB-BBC4-24D1DB32107D}.Debug|x86.Build.0 = Debug|Any CPU
		{3C966A96-8363-43CB-BBC4-24D1DB32107D}.Release|Any CPU.ActiveCfg = Release|Any CPU
		{3C966A96-8363-43CB-BBC4-24D1DB32107D}.Release|Any CPU.Build.0 = Release|Any CPU
		{3C966A96-8363-43CB-BBC4-24D1DB32107D}.Release|x64.ActiveCfg = Release|Any CPU
		{3C966A96-8363-43CB-BBC4-24D1DB32107D}.Release|x64.Build.0 = Release|Any CPU
		{3C966A96-8363-43CB-BBC4-24D1DB32107D}.Release|x86.ActiveCfg = Release|Any CPU
		{3C966A96-8363-43CB-BBC4-24D1DB32107D}.Release|x86.Build.0 = Release|Any CPU
		{89A77D39-FA0B-4AA5-A6B3-6B735F2E4119}.Debug|Any CPU.ActiveCfg = Debug|Any CPU
		{89A77D39-FA0B-4AA5-A6B3-6B735F2E4119}.Debug|Any CPU.Build.0 = Debug|Any CPU
		{89A77D39-FA0B-4AA5-A6B3-6B735F2E4119}.Debug|x64.ActiveCfg = Debug|Any CPU
		{89A77D39-FA0B-4AA5-A6B3-6B735F2E4119}.Debug|x64.Build.0 = Debug|Any CPU
		{89A77D39-FA0B-4AA5-A6B3-6B735F2E4119}.Debug|x86.ActiveCfg = Debug|Any CPU
		{89A77D39-FA0B-4AA5-A6B3-6B735F2E4119}.Debug|x86.Build.0 = Debug|Any CPU
		{89A77D39-FA0B-4AA5-A6B3-6B735F2E4119}.Release|Any CPU.ActiveCfg = Release|Any CPU
		{89A77D39-FA0B-4AA5-A6B3-6B735F2E4119}.Release|Any CPU.Build.0 = Release|Any CPU
		{89A77D39-FA0B-4AA5-A6B3-6B735F2E4119}.Release|x64.ActiveCfg = Release|Any CPU
		{89A77D39-FA0B-4AA5-A6B3-6B735F2E4119}.Release|x64.Build.0 = Release|Any CPU
		{89A77D39-FA0B-4AA5-A6B3-6B735F2E4119}.Release|x86.ActiveCfg = Release|Any CPU
		{89A77D39-FA0B-4AA5-A6B3-6B735F2E4119}.Release|x86.Build.0 = Release|Any CPU
		{A6405FFE-A9F5-417B-B8E0-60E4373AC20F}.Debug|Any CPU.ActiveCfg = Debug|Any CPU
		{A6405FFE-A9F5-417B-B8E0-60E4373AC20F}.Debug|Any CPU.Build.0 = Debug|Any CPU
		{A6405FFE-A9F5-417B-B8E0-60E4373AC20F}.Debug|x64.ActiveCfg = Debug|Any CPU
		{A6405FFE-A9F5-417B-B8E0-60E4373AC20F}.Debug|x64.Build.0 = Debug|Any CPU
		{A6405FFE-A9F5-417B-B8E0-60E4373AC20F}.Debug|x86.ActiveCfg = Debug|Any CPU
		{A6405FFE-A9F5-417B-B8E0-60E4373AC20F}.Debug|x86.Build.0 = Debug|Any CPU
		{A6405FFE-A9F5-417B-B8E0-60E4373AC20F}.Release|Any CPU.ActiveCfg = Release|Any CPU
		{A6405FFE-A9F5-417B-B8E0-60E4373AC20F}.Release|Any CPU.Build.0 = Release|Any CPU
		{A6405FFE-A9F5-417B-B8E0-60E4373AC20F}.Release|x64.ActiveCfg = Release|Any CPU
		{A6405FFE-A9F5-417B-B8E0-60E4373AC20F}.Release|x64.Build.0 = Release|Any CPU
		{A6405FFE-A9F5-417B-B8E0-60E4373AC20F}.Release|x86.ActiveCfg = Release|Any CPU
		{A6405FFE-A9F5-417B-B8E0-60E4373AC20F}.Release|x86.Build.0 = Release|Any CPU
		{8E2EF353-B41F-4442-A992-4630840B0FDD}.Debug|Any CPU.ActiveCfg = Debug|Any CPU
		{8E2EF353-B41F-4442-A992-4630840B0FDD}.Debug|Any CPU.Build.0 = Debug|Any CPU
		{8E2EF353-B41F-4442-A992-4630840B0FDD}.Debug|x64.ActiveCfg = Debug|Any CPU
		{8E2EF353-B41F-4442-A992-4630840B0FDD}.Debug|x64.Build.0 = Debug|Any CPU
		{8E2EF353-B41F-4442-A992-4630840B0FDD}.Debug|x86.ActiveCfg = Debug|Any CPU
		{8E2EF353-B41F-4442-A992-4630840B0FDD}.Debug|x86.Build.0 = Debug|Any CPU
		{8E2EF353-B41F-4442-A992-4630840B0FDD}.Release|Any CPU.ActiveCfg = Release|Any CPU
		{8E2EF353-B41F-4442-A992-4630840B0FDD}.Release|Any CPU.Build.0 = Release|Any CPU
		{8E2EF353-B41F-4442-A992-4630840B0FDD}.Release|x64.ActiveCfg = Release|Any CPU
		{8E2EF353-B41F-4442-A992-4630840B0FDD}.Release|x64.Build.0 = Release|Any CPU
		{8E2EF353-B41F-4442-A992-4630840B0FDD}.Release|x86.ActiveCfg = Release|Any CPU
		{8E2EF353-B41F-4442-A992-4630840B0FDD}.Release|x86.Build.0 = Release|Any CPU
		{FAB39323-A405-4981-9805-8B2661EBCE92}.Debug|Any CPU.ActiveCfg = Debug|Any CPU
		{FAB39323-A405-4981-9805-8B2661EBCE92}.Debug|Any CPU.Build.0 = Debug|Any CPU
		{FAB39323-A405-4981-9805-8B2661EBCE92}.Debug|x64.ActiveCfg = Debug|Any CPU
		{FAB39323-A405-4981-9805-8B2661EBCE92}.Debug|x64.Build.0 = Debug|Any CPU
		{FAB39323-A405-4981-9805-8B2661EBCE92}.Debug|x86.ActiveCfg = Debug|Any CPU
		{FAB39323-A405-4981-9805-8B2661EBCE92}.Debug|x86.Build.0 = Debug|Any CPU
		{FAB39323-A405-4981-9805-8B2661EBCE92}.Release|Any CPU.ActiveCfg = Release|Any CPU
		{FAB39323-A405-4981-9805-8B2661EBCE92}.Release|Any CPU.Build.0 = Release|Any CPU
		{FAB39323-A405-4981-9805-8B2661EBCE92}.Release|x64.ActiveCfg = Release|Any CPU
		{FAB39323-A405-4981-9805-8B2661EBCE92}.Release|x64.Build.0 = Release|Any CPU
		{FAB39323-A405-4981-9805-8B2661EBCE92}.Release|x86.ActiveCfg = Release|Any CPU
		{FAB39323-A405-4981-9805-8B2661EBCE92}.Release|x86.Build.0 = Release|Any CPU
		{EDCD92FD-65D4-4C74-BB55-6D4D32FAF4A2}.Debug|Any CPU.ActiveCfg = Debug|Any CPU
		{EDCD92FD-65D4-4C74-BB55-6D4D32FAF4A2}.Debug|Any CPU.Build.0 = Debug|Any CPU
		{EDCD92FD-65D4-4C74-BB55-6D4D32FAF4A2}.Debug|x64.ActiveCfg = Debug|Any CPU
		{EDCD92FD-65D4-4C74-BB55-6D4D32FAF4A2}.Debug|x64.Build.0 = Debug|Any CPU
		{EDCD92FD-65D4-4C74-BB55-6D4D32FAF4A2}.Debug|x86.ActiveCfg = Debug|Any CPU
		{EDCD92FD-65D4-4C74-BB55-6D4D32FAF4A2}.Debug|x86.Build.0 = Debug|Any CPU
		{EDCD92FD-65D4-4C74-BB55-6D4D32FAF4A2}.Release|Any CPU.ActiveCfg = Release|Any CPU
		{EDCD92FD-65D4-4C74-BB55-6D4D32FAF4A2}.Release|Any CPU.Build.0 = Release|Any CPU
		{EDCD92FD-65D4-4C74-BB55-6D4D32FAF4A2}.Release|x64.ActiveCfg = Release|Any CPU
		{EDCD92FD-65D4-4C74-BB55-6D4D32FAF4A2}.Release|x64.Build.0 = Release|Any CPU
		{EDCD92FD-65D4-4C74-BB55-6D4D32FAF4A2}.Release|x86.ActiveCfg = Release|Any CPU
		{EDCD92FD-65D4-4C74-BB55-6D4D32FAF4A2}.Release|x86.Build.0 = Release|Any CPU
		{20F8E8B4-5702-4786-A4BD-2E0FC92A1493}.Debug|Any CPU.ActiveCfg = Debug|Any CPU
		{20F8E8B4-5702-4786-A4BD-2E0FC92A1493}.Debug|Any CPU.Build.0 = Debug|Any CPU
		{20F8E8B4-5702-4786-A4BD-2E0FC92A1493}.Debug|x64.ActiveCfg = Debug|Any CPU
		{20F8E8B4-5702-4786-A4BD-2E0FC92A1493}.Debug|x64.Build.0 = Debug|Any CPU
		{20F8E8B4-5702-4786-A4BD-2E0FC92A1493}.Debug|x86.ActiveCfg = Debug|Any CPU
		{20F8E8B4-5702-4786-A4BD-2E0FC92A1493}.Debug|x86.Build.0 = Debug|Any CPU
		{20F8E8B4-5702-4786-A4BD-2E0FC92A1493}.Release|Any CPU.ActiveCfg = Release|Any CPU
		{20F8E8B4-5702-4786-A4BD-2E0FC92A1493}.Release|Any CPU.Build.0 = Release|Any CPU
		{20F8E8B4-5702-4786-A4BD-2E0FC92A1493}.Release|x64.ActiveCfg = Release|Any CPU
		{20F8E8B4-5702-4786-A4BD-2E0FC92A1493}.Release|x64.Build.0 = Release|Any CPU
		{20F8E8B4-5702-4786-A4BD-2E0FC92A1493}.Release|x86.ActiveCfg = Release|Any CPU
		{20F8E8B4-5702-4786-A4BD-2E0FC92A1493}.Release|x86.Build.0 = Release|Any CPU
		{8AB25FA8-E0F6-44A7-8FB7-8227F98D29C9}.Debug|Any CPU.ActiveCfg = Debug|Any CPU
		{8AB25FA8-E0F6-44A7-8FB7-8227F98D29C9}.Debug|Any CPU.Build.0 = Debug|Any CPU
		{8AB25FA8-E0F6-44A7-8FB7-8227F98D29C9}.Debug|x64.ActiveCfg = Debug|Any CPU
		{8AB25FA8-E0F6-44A7-8FB7-8227F98D29C9}.Debug|x64.Build.0 = Debug|Any CPU
		{8AB25FA8-E0F6-44A7-8FB7-8227F98D29C9}.Debug|x86.ActiveCfg = Debug|Any CPU
		{8AB25FA8-E0F6-44A7-8FB7-8227F98D29C9}.Debug|x86.Build.0 = Debug|Any CPU
		{8AB25FA8-E0F6-44A7-8FB7-8227F98D29C9}.Release|Any CPU.ActiveCfg = Release|Any CPU
		{8AB25FA8-E0F6-44A7-8FB7-8227F98D29C9}.Release|Any CPU.Build.0 = Release|Any CPU
		{8AB25FA8-E0F6-44A7-8FB7-8227F98D29C9}.Release|x64.ActiveCfg = Release|Any CPU
		{8AB25FA8-E0F6-44A7-8FB7-8227F98D29C9}.Release|x64.Build.0 = Release|Any CPU
		{8AB25FA8-E0F6-44A7-8FB7-8227F98D29C9}.Release|x86.ActiveCfg = Release|Any CPU
		{8AB25FA8-E0F6-44A7-8FB7-8227F98D29C9}.Release|x86.Build.0 = Release|Any CPU
		{9FBC97A7-2D65-4340-A055-81F7C26DA85D}.Debug|Any CPU.ActiveCfg = Debug|Any CPU
		{9FBC97A7-2D65-4340-A055-81F7C26DA85D}.Debug|Any CPU.Build.0 = Debug|Any CPU
		{9FBC97A7-2D65-4340-A055-81F7C26DA85D}.Debug|x64.ActiveCfg = Debug|Any CPU
		{9FBC97A7-2D65-4340-A055-81F7C26DA85D}.Debug|x64.Build.0 = Debug|Any CPU
		{9FBC97A7-2D65-4340-A055-81F7C26DA85D}.Debug|x86.ActiveCfg = Debug|Any CPU
		{9FBC97A7-2D65-4340-A055-81F7C26DA85D}.Debug|x86.Build.0 = Debug|Any CPU
		{9FBC97A7-2D65-4340-A055-81F7C26DA85D}.Release|Any CPU.ActiveCfg = Release|Any CPU
		{9FBC97A7-2D65-4340-A055-81F7C26DA85D}.Release|Any CPU.Build.0 = Release|Any CPU
		{9FBC97A7-2D65-4340-A055-81F7C26DA85D}.Release|x64.ActiveCfg = Release|Any CPU
		{9FBC97A7-2D65-4340-A055-81F7C26DA85D}.Release|x64.Build.0 = Release|Any CPU
		{9FBC97A7-2D65-4340-A055-81F7C26DA85D}.Release|x86.ActiveCfg = Release|Any CPU
		{9FBC97A7-2D65-4340-A055-81F7C26DA85D}.Release|x86.Build.0 = Release|Any CPU
		{A577DCE8-0DB5-4403-9147-480B20DED3B5}.Debug|Any CPU.ActiveCfg = Debug|Any CPU
		{A577DCE8-0DB5-4403-9147-480B20DED3B5}.Debug|Any CPU.Build.0 = Debug|Any CPU
		{A577DCE8-0DB5-4403-9147-480B20DED3B5}.Debug|x64.ActiveCfg = Debug|Any CPU
		{A577DCE8-0DB5-4403-9147-480B20DED3B5}.Debug|x64.Build.0 = Debug|Any CPU
		{A577DCE8-0DB5-4403-9147-480B20DED3B5}.Debug|x86.ActiveCfg = Debug|Any CPU
		{A577DCE8-0DB5-4403-9147-480B20DED3B5}.Debug|x86.Build.0 = Debug|Any CPU
		{A577DCE8-0DB5-4403-9147-480B20DED3B5}.Release|Any CPU.ActiveCfg = Release|Any CPU
		{A577DCE8-0DB5-4403-9147-480B20DED3B5}.Release|Any CPU.Build.0 = Release|Any CPU
		{A577DCE8-0DB5-4403-9147-480B20DED3B5}.Release|x64.ActiveCfg = Release|Any CPU
		{A577DCE8-0DB5-4403-9147-480B20DED3B5}.Release|x64.Build.0 = Release|Any CPU
		{A577DCE8-0DB5-4403-9147-480B20DED3B5}.Release|x86.ActiveCfg = Release|Any CPU
		{A577DCE8-0DB5-4403-9147-480B20DED3B5}.Release|x86.Build.0 = Release|Any CPU
		{6F632649-FA95-4D07-AD23-8BF26620FC7E}.Debug|Any CPU.ActiveCfg = Debug|Any CPU
		{6F632649-FA95-4D07-AD23-8BF26620FC7E}.Debug|Any CPU.Build.0 = Debug|Any CPU
		{6F632649-FA95-4D07-AD23-8BF26620FC7E}.Debug|x64.ActiveCfg = Debug|Any CPU
		{6F632649-FA95-4D07-AD23-8BF26620FC7E}.Debug|x64.Build.0 = Debug|Any CPU
		{6F632649-FA95-4D07-AD23-8BF26620FC7E}.Debug|x86.ActiveCfg = Debug|Any CPU
		{6F632649-FA95-4D07-AD23-8BF26620FC7E}.Debug|x86.Build.0 = Debug|Any CPU
		{6F632649-FA95-4D07-AD23-8BF26620FC7E}.Release|Any CPU.ActiveCfg = Release|Any CPU
		{6F632649-FA95-4D07-AD23-8BF26620FC7E}.Release|Any CPU.Build.0 = Release|Any CPU
		{6F632649-FA95-4D07-AD23-8BF26620FC7E}.Release|x64.ActiveCfg = Release|Any CPU
		{6F632649-FA95-4D07-AD23-8BF26620FC7E}.Release|x64.Build.0 = Release|Any CPU
		{6F632649-FA95-4D07-AD23-8BF26620FC7E}.Release|x86.ActiveCfg = Release|Any CPU
		{6F632649-FA95-4D07-AD23-8BF26620FC7E}.Release|x86.Build.0 = Release|Any CPU
		{5FA82C9B-B7CC-415E-974E-50A8D90D4D8A}.Debug|Any CPU.ActiveCfg = Debug|Any CPU
		{5FA82C9B-B7CC-415E-974E-50A8D90D4D8A}.Debug|Any CPU.Build.0 = Debug|Any CPU
		{5FA82C9B-B7CC-415E-974E-50A8D90D4D8A}.Debug|x64.ActiveCfg = Debug|Any CPU
		{5FA82C9B-B7CC-415E-974E-50A8D90D4D8A}.Debug|x64.Build.0 = Debug|Any CPU
		{5FA82C9B-B7CC-415E-974E-50A8D90D4D8A}.Debug|x86.ActiveCfg = Debug|Any CPU
		{5FA82C9B-B7CC-415E-974E-50A8D90D4D8A}.Debug|x86.Build.0 = Debug|Any CPU
		{5FA82C9B-B7CC-415E-974E-50A8D90D4D8A}.Release|Any CPU.ActiveCfg = Release|Any CPU
		{5FA82C9B-B7CC-415E-974E-50A8D90D4D8A}.Release|Any CPU.Build.0 = Release|Any CPU
		{5FA82C9B-B7CC-415E-974E-50A8D90D4D8A}.Release|x64.ActiveCfg = Release|Any CPU
		{5FA82C9B-B7CC-415E-974E-50A8D90D4D8A}.Release|x64.Build.0 = Release|Any CPU
		{5FA82C9B-B7CC-415E-974E-50A8D90D4D8A}.Release|x86.ActiveCfg = Release|Any CPU
		{5FA82C9B-B7CC-415E-974E-50A8D90D4D8A}.Release|x86.Build.0 = Release|Any CPU
		{AAD4DA3B-A8AB-4B50-8463-19FF2F26F898}.Debug|Any CPU.ActiveCfg = Debug|Any CPU
		{AAD4DA3B-A8AB-4B50-8463-19FF2F26F898}.Debug|Any CPU.Build.0 = Debug|Any CPU
		{AAD4DA3B-A8AB-4B50-8463-19FF2F26F898}.Debug|x64.ActiveCfg = Debug|Any CPU
		{AAD4DA3B-A8AB-4B50-8463-19FF2F26F898}.Debug|x64.Build.0 = Debug|Any CPU
		{AAD4DA3B-A8AB-4B50-8463-19FF2F26F898}.Debug|x86.ActiveCfg = Debug|Any CPU
		{AAD4DA3B-A8AB-4B50-8463-19FF2F26F898}.Debug|x86.Build.0 = Debug|Any CPU
		{AAD4DA3B-A8AB-4B50-8463-19FF2F26F898}.Release|Any CPU.ActiveCfg = Release|Any CPU
		{AAD4DA3B-A8AB-4B50-8463-19FF2F26F898}.Release|Any CPU.Build.0 = Release|Any CPU
		{AAD4DA3B-A8AB-4B50-8463-19FF2F26F898}.Release|x64.ActiveCfg = Release|Any CPU
		{AAD4DA3B-A8AB-4B50-8463-19FF2F26F898}.Release|x64.Build.0 = Release|Any CPU
		{AAD4DA3B-A8AB-4B50-8463-19FF2F26F898}.Release|x86.ActiveCfg = Release|Any CPU
		{AAD4DA3B-A8AB-4B50-8463-19FF2F26F898}.Release|x86.Build.0 = Release|Any CPU
		{98E949A0-C178-410F-A58A-44A32275026B}.Debug|Any CPU.ActiveCfg = Debug|Any CPU
		{98E949A0-C178-410F-A58A-44A32275026B}.Debug|Any CPU.Build.0 = Debug|Any CPU
		{98E949A0-C178-410F-A58A-44A32275026B}.Debug|x64.ActiveCfg = Debug|Any CPU
		{98E949A0-C178-410F-A58A-44A32275026B}.Debug|x64.Build.0 = Debug|Any CPU
		{98E949A0-C178-410F-A58A-44A32275026B}.Debug|x86.ActiveCfg = Debug|Any CPU
		{98E949A0-C178-410F-A58A-44A32275026B}.Debug|x86.Build.0 = Debug|Any CPU
		{98E949A0-C178-410F-A58A-44A32275026B}.Release|Any CPU.ActiveCfg = Release|Any CPU
		{98E949A0-C178-410F-A58A-44A32275026B}.Release|Any CPU.Build.0 = Release|Any CPU
		{98E949A0-C178-410F-A58A-44A32275026B}.Release|x64.ActiveCfg = Release|Any CPU
		{98E949A0-C178-410F-A58A-44A32275026B}.Release|x64.Build.0 = Release|Any CPU
		{98E949A0-C178-410F-A58A-44A32275026B}.Release|x86.ActiveCfg = Release|Any CPU
		{98E949A0-C178-410F-A58A-44A32275026B}.Release|x86.Build.0 = Release|Any CPU
		{F49CBF8D-A968-4DAF-9C95-DFF4CBC51DF8}.Debug|Any CPU.ActiveCfg = Debug|Any CPU
		{F49CBF8D-A968-4DAF-9C95-DFF4CBC51DF8}.Debug|Any CPU.Build.0 = Debug|Any CPU
		{F49CBF8D-A968-4DAF-9C95-DFF4CBC51DF8}.Debug|x64.ActiveCfg = Debug|Any CPU
		{F49CBF8D-A968-4DAF-9C95-DFF4CBC51DF8}.Debug|x64.Build.0 = Debug|Any CPU
		{F49CBF8D-A968-4DAF-9C95-DFF4CBC51DF8}.Debug|x86.ActiveCfg = Debug|Any CPU
		{F49CBF8D-A968-4DAF-9C95-DFF4CBC51DF8}.Debug|x86.Build.0 = Debug|Any CPU
		{F49CBF8D-A968-4DAF-9C95-DFF4CBC51DF8}.Release|Any CPU.ActiveCfg = Release|Any CPU
		{F49CBF8D-A968-4DAF-9C95-DFF4CBC51DF8}.Release|Any CPU.Build.0 = Release|Any CPU
		{F49CBF8D-A968-4DAF-9C95-DFF4CBC51DF8}.Release|x64.ActiveCfg = Release|Any CPU
		{F49CBF8D-A968-4DAF-9C95-DFF4CBC51DF8}.Release|x64.Build.0 = Release|Any CPU
		{F49CBF8D-A968-4DAF-9C95-DFF4CBC51DF8}.Release|x86.ActiveCfg = Release|Any CPU
		{F49CBF8D-A968-4DAF-9C95-DFF4CBC51DF8}.Release|x86.Build.0 = Release|Any CPU
		{24A0EC91-48C4-4D73-BD72-54A5C47A089D}.Debug|Any CPU.ActiveCfg = Debug|Any CPU
		{24A0EC91-48C4-4D73-BD72-54A5C47A089D}.Debug|Any CPU.Build.0 = Debug|Any CPU
		{24A0EC91-48C4-4D73-BD72-54A5C47A089D}.Debug|x64.ActiveCfg = Debug|Any CPU
		{24A0EC91-48C4-4D73-BD72-54A5C47A089D}.Debug|x64.Build.0 = Debug|Any CPU
		{24A0EC91-48C4-4D73-BD72-54A5C47A089D}.Debug|x86.ActiveCfg = Debug|Any CPU
		{24A0EC91-48C4-4D73-BD72-54A5C47A089D}.Debug|x86.Build.0 = Debug|Any CPU
		{24A0EC91-48C4-4D73-BD72-54A5C47A089D}.Release|Any CPU.ActiveCfg = Release|Any CPU
		{24A0EC91-48C4-4D73-BD72-54A5C47A089D}.Release|Any CPU.Build.0 = Release|Any CPU
		{24A0EC91-48C4-4D73-BD72-54A5C47A089D}.Release|x64.ActiveCfg = Release|Any CPU
		{24A0EC91-48C4-4D73-BD72-54A5C47A089D}.Release|x64.Build.0 = Release|Any CPU
		{24A0EC91-48C4-4D73-BD72-54A5C47A089D}.Release|x86.ActiveCfg = Release|Any CPU
		{24A0EC91-48C4-4D73-BD72-54A5C47A089D}.Release|x86.Build.0 = Release|Any CPU
		{03D4BFA0-3E3C-48B8-A7E6-3BBFE105B5E0}.Debug|Any CPU.ActiveCfg = Debug|Any CPU
		{03D4BFA0-3E3C-48B8-A7E6-3BBFE105B5E0}.Debug|Any CPU.Build.0 = Debug|Any CPU
		{03D4BFA0-3E3C-48B8-A7E6-3BBFE105B5E0}.Debug|x64.ActiveCfg = Debug|Any CPU
		{03D4BFA0-3E3C-48B8-A7E6-3BBFE105B5E0}.Debug|x64.Build.0 = Debug|Any CPU
		{03D4BFA0-3E3C-48B8-A7E6-3BBFE105B5E0}.Debug|x86.ActiveCfg = Debug|Any CPU
		{03D4BFA0-3E3C-48B8-A7E6-3BBFE105B5E0}.Debug|x86.Build.0 = Debug|Any CPU
		{03D4BFA0-3E3C-48B8-A7E6-3BBFE105B5E0}.Release|Any CPU.ActiveCfg = Release|Any CPU
		{03D4BFA0-3E3C-48B8-A7E6-3BBFE105B5E0}.Release|Any CPU.Build.0 = Release|Any CPU
		{03D4BFA0-3E3C-48B8-A7E6-3BBFE105B5E0}.Release|x64.ActiveCfg = Release|Any CPU
		{03D4BFA0-3E3C-48B8-A7E6-3BBFE105B5E0}.Release|x64.Build.0 = Release|Any CPU
		{03D4BFA0-3E3C-48B8-A7E6-3BBFE105B5E0}.Release|x86.ActiveCfg = Release|Any CPU
		{03D4BFA0-3E3C-48B8-A7E6-3BBFE105B5E0}.Release|x86.Build.0 = Release|Any CPU
		{599F1906-F580-4316-93AD-CD15CA8750E9}.Debug|Any CPU.ActiveCfg = Debug|Any CPU
		{599F1906-F580-4316-93AD-CD15CA8750E9}.Debug|Any CPU.Build.0 = Debug|Any CPU
		{599F1906-F580-4316-93AD-CD15CA8750E9}.Debug|x64.ActiveCfg = Debug|Any CPU
		{599F1906-F580-4316-93AD-CD15CA8750E9}.Debug|x64.Build.0 = Debug|Any CPU
		{599F1906-F580-4316-93AD-CD15CA8750E9}.Debug|x86.ActiveCfg = Debug|Any CPU
		{599F1906-F580-4316-93AD-CD15CA8750E9}.Debug|x86.Build.0 = Debug|Any CPU
		{599F1906-F580-4316-93AD-CD15CA8750E9}.Release|Any CPU.ActiveCfg = Release|Any CPU
		{599F1906-F580-4316-93AD-CD15CA8750E9}.Release|Any CPU.Build.0 = Release|Any CPU
		{599F1906-F580-4316-93AD-CD15CA8750E9}.Release|x64.ActiveCfg = Release|Any CPU
		{599F1906-F580-4316-93AD-CD15CA8750E9}.Release|x64.Build.0 = Release|Any CPU
		{599F1906-F580-4316-93AD-CD15CA8750E9}.Release|x86.ActiveCfg = Release|Any CPU
		{599F1906-F580-4316-93AD-CD15CA8750E9}.Release|x86.Build.0 = Release|Any CPU
		{06B87846-B995-42F7-9A24-0566E528348F}.Debug|Any CPU.ActiveCfg = Debug|Any CPU
		{06B87846-B995-42F7-9A24-0566E528348F}.Debug|Any CPU.Build.0 = Debug|Any CPU
		{06B87846-B995-42F7-9A24-0566E528348F}.Debug|x64.ActiveCfg = Debug|Any CPU
		{06B87846-B995-42F7-9A24-0566E528348F}.Debug|x64.Build.0 = Debug|Any CPU
		{06B87846-B995-42F7-9A24-0566E528348F}.Debug|x86.ActiveCfg = Debug|Any CPU
		{06B87846-B995-42F7-9A24-0566E528348F}.Debug|x86.Build.0 = Debug|Any CPU
		{06B87846-B995-42F7-9A24-0566E528348F}.Release|Any CPU.ActiveCfg = Release|Any CPU
		{06B87846-B995-42F7-9A24-0566E528348F}.Release|Any CPU.Build.0 = Release|Any CPU
		{06B87846-B995-42F7-9A24-0566E528348F}.Release|x64.ActiveCfg = Release|Any CPU
		{06B87846-B995-42F7-9A24-0566E528348F}.Release|x64.Build.0 = Release|Any CPU
		{06B87846-B995-42F7-9A24-0566E528348F}.Release|x86.ActiveCfg = Release|Any CPU
		{06B87846-B995-42F7-9A24-0566E528348F}.Release|x86.Build.0 = Release|Any CPU
		{1A94AC32-8BF4-4CBA-95A7-7B6013D1EDB7}.Debug|Any CPU.ActiveCfg = Debug|Any CPU
		{1A94AC32-8BF4-4CBA-95A7-7B6013D1EDB7}.Debug|Any CPU.Build.0 = Debug|Any CPU
		{1A94AC32-8BF4-4CBA-95A7-7B6013D1EDB7}.Debug|x64.ActiveCfg = Debug|Any CPU
		{1A94AC32-8BF4-4CBA-95A7-7B6013D1EDB7}.Debug|x64.Build.0 = Debug|Any CPU
		{1A94AC32-8BF4-4CBA-95A7-7B6013D1EDB7}.Debug|x86.ActiveCfg = Debug|Any CPU
		{1A94AC32-8BF4-4CBA-95A7-7B6013D1EDB7}.Debug|x86.Build.0 = Debug|Any CPU
		{1A94AC32-8BF4-4CBA-95A7-7B6013D1EDB7}.Release|Any CPU.ActiveCfg = Release|Any CPU
		{1A94AC32-8BF4-4CBA-95A7-7B6013D1EDB7}.Release|Any CPU.Build.0 = Release|Any CPU
		{1A94AC32-8BF4-4CBA-95A7-7B6013D1EDB7}.Release|x64.ActiveCfg = Release|Any CPU
		{1A94AC32-8BF4-4CBA-95A7-7B6013D1EDB7}.Release|x64.Build.0 = Release|Any CPU
		{1A94AC32-8BF4-4CBA-95A7-7B6013D1EDB7}.Release|x86.ActiveCfg = Release|Any CPU
		{1A94AC32-8BF4-4CBA-95A7-7B6013D1EDB7}.Release|x86.Build.0 = Release|Any CPU
		{6177562E-F148-4C84-A35C-4864A5A8168E}.Debug|Any CPU.ActiveCfg = Debug|Any CPU
		{6177562E-F148-4C84-A35C-4864A5A8168E}.Debug|Any CPU.Build.0 = Debug|Any CPU
		{6177562E-F148-4C84-A35C-4864A5A8168E}.Debug|x64.ActiveCfg = Debug|Any CPU
		{6177562E-F148-4C84-A35C-4864A5A8168E}.Debug|x64.Build.0 = Debug|Any CPU
		{6177562E-F148-4C84-A35C-4864A5A8168E}.Debug|x86.ActiveCfg = Debug|Any CPU
		{6177562E-F148-4C84-A35C-4864A5A8168E}.Debug|x86.Build.0 = Debug|Any CPU
		{6177562E-F148-4C84-A35C-4864A5A8168E}.Release|Any CPU.ActiveCfg = Release|Any CPU
		{6177562E-F148-4C84-A35C-4864A5A8168E}.Release|Any CPU.Build.0 = Release|Any CPU
		{6177562E-F148-4C84-A35C-4864A5A8168E}.Release|x64.ActiveCfg = Release|Any CPU
		{6177562E-F148-4C84-A35C-4864A5A8168E}.Release|x64.Build.0 = Release|Any CPU
		{6177562E-F148-4C84-A35C-4864A5A8168E}.Release|x86.ActiveCfg = Release|Any CPU
		{6177562E-F148-4C84-A35C-4864A5A8168E}.Release|x86.Build.0 = Release|Any CPU
		{0AFD1646-E566-47C0-9218-A0C5B6890077}.Debug|Any CPU.ActiveCfg = Debug|Any CPU
		{0AFD1646-E566-47C0-9218-A0C5B6890077}.Debug|Any CPU.Build.0 = Debug|Any CPU
		{0AFD1646-E566-47C0-9218-A0C5B6890077}.Debug|x64.ActiveCfg = Debug|Any CPU
		{0AFD1646-E566-47C0-9218-A0C5B6890077}.Debug|x64.Build.0 = Debug|Any CPU
		{0AFD1646-E566-47C0-9218-A0C5B6890077}.Debug|x86.ActiveCfg = Debug|Any CPU
		{0AFD1646-E566-47C0-9218-A0C5B6890077}.Debug|x86.Build.0 = Debug|Any CPU
		{0AFD1646-E566-47C0-9218-A0C5B6890077}.Release|Any CPU.ActiveCfg = Release|Any CPU
		{0AFD1646-E566-47C0-9218-A0C5B6890077}.Release|Any CPU.Build.0 = Release|Any CPU
		{0AFD1646-E566-47C0-9218-A0C5B6890077}.Release|x64.ActiveCfg = Release|Any CPU
		{0AFD1646-E566-47C0-9218-A0C5B6890077}.Release|x64.Build.0 = Release|Any CPU
		{0AFD1646-E566-47C0-9218-A0C5B6890077}.Release|x86.ActiveCfg = Release|Any CPU
		{0AFD1646-E566-47C0-9218-A0C5B6890077}.Release|x86.Build.0 = Release|Any CPU
		{2C3B9F19-3D1A-4D9D-B0A3-E01E1A30F631}.Debug|Any CPU.ActiveCfg = Debug|Any CPU
		{2C3B9F19-3D1A-4D9D-B0A3-E01E1A30F631}.Debug|Any CPU.Build.0 = Debug|Any CPU
		{2C3B9F19-3D1A-4D9D-B0A3-E01E1A30F631}.Debug|x64.ActiveCfg = Debug|Any CPU
		{2C3B9F19-3D1A-4D9D-B0A3-E01E1A30F631}.Debug|x64.Build.0 = Debug|Any CPU
		{2C3B9F19-3D1A-4D9D-B0A3-E01E1A30F631}.Debug|x86.ActiveCfg = Debug|Any CPU
		{2C3B9F19-3D1A-4D9D-B0A3-E01E1A30F631}.Debug|x86.Build.0 = Debug|Any CPU
		{2C3B9F19-3D1A-4D9D-B0A3-E01E1A30F631}.Release|Any CPU.ActiveCfg = Release|Any CPU
		{2C3B9F19-3D1A-4D9D-B0A3-E01E1A30F631}.Release|Any CPU.Build.0 = Release|Any CPU
		{2C3B9F19-3D1A-4D9D-B0A3-E01E1A30F631}.Release|x64.ActiveCfg = Release|Any CPU
		{2C3B9F19-3D1A-4D9D-B0A3-E01E1A30F631}.Release|x64.Build.0 = Release|Any CPU
		{2C3B9F19-3D1A-4D9D-B0A3-E01E1A30F631}.Release|x86.ActiveCfg = Release|Any CPU
		{2C3B9F19-3D1A-4D9D-B0A3-E01E1A30F631}.Release|x86.Build.0 = Release|Any CPU
		{A70EB94F-DDDA-4A9F-A8F3-FB835F7F23BA}.Debug|Any CPU.ActiveCfg = Debug|Any CPU
		{A70EB94F-DDDA-4A9F-A8F3-FB835F7F23BA}.Debug|Any CPU.Build.0 = Debug|Any CPU
		{A70EB94F-DDDA-4A9F-A8F3-FB835F7F23BA}.Debug|x64.ActiveCfg = Debug|Any CPU
		{A70EB94F-DDDA-4A9F-A8F3-FB835F7F23BA}.Debug|x64.Build.0 = Debug|Any CPU
		{A70EB94F-DDDA-4A9F-A8F3-FB835F7F23BA}.Debug|x86.ActiveCfg = Debug|Any CPU
		{A70EB94F-DDDA-4A9F-A8F3-FB835F7F23BA}.Debug|x86.Build.0 = Debug|Any CPU
		{A70EB94F-DDDA-4A9F-A8F3-FB835F7F23BA}.Release|Any CPU.ActiveCfg = Release|Any CPU
		{A70EB94F-DDDA-4A9F-A8F3-FB835F7F23BA}.Release|Any CPU.Build.0 = Release|Any CPU
		{A70EB94F-DDDA-4A9F-A8F3-FB835F7F23BA}.Release|x64.ActiveCfg = Release|Any CPU
		{A70EB94F-DDDA-4A9F-A8F3-FB835F7F23BA}.Release|x64.Build.0 = Release|Any CPU
		{A70EB94F-DDDA-4A9F-A8F3-FB835F7F23BA}.Release|x86.ActiveCfg = Release|Any CPU
		{A70EB94F-DDDA-4A9F-A8F3-FB835F7F23BA}.Release|x86.Build.0 = Release|Any CPU
		{C15F99D3-EFB3-4959-8EEE-E1D6C3E0A2FA}.Debug|Any CPU.ActiveCfg = Debug|Any CPU
		{C15F99D3-EFB3-4959-8EEE-E1D6C3E0A2FA}.Debug|Any CPU.Build.0 = Debug|Any CPU
		{C15F99D3-EFB3-4959-8EEE-E1D6C3E0A2FA}.Debug|x64.ActiveCfg = Debug|Any CPU
		{C15F99D3-EFB3-4959-8EEE-E1D6C3E0A2FA}.Debug|x64.Build.0 = Debug|Any CPU
		{C15F99D3-EFB3-4959-8EEE-E1D6C3E0A2FA}.Debug|x86.ActiveCfg = Debug|Any CPU
		{C15F99D3-EFB3-4959-8EEE-E1D6C3E0A2FA}.Debug|x86.Build.0 = Debug|Any CPU
		{C15F99D3-EFB3-4959-8EEE-E1D6C3E0A2FA}.Release|Any CPU.ActiveCfg = Release|Any CPU
		{C15F99D3-EFB3-4959-8EEE-E1D6C3E0A2FA}.Release|Any CPU.Build.0 = Release|Any CPU
		{C15F99D3-EFB3-4959-8EEE-E1D6C3E0A2FA}.Release|x64.ActiveCfg = Release|Any CPU
		{C15F99D3-EFB3-4959-8EEE-E1D6C3E0A2FA}.Release|x64.Build.0 = Release|Any CPU
		{C15F99D3-EFB3-4959-8EEE-E1D6C3E0A2FA}.Release|x86.ActiveCfg = Release|Any CPU
		{C15F99D3-EFB3-4959-8EEE-E1D6C3E0A2FA}.Release|x86.Build.0 = Release|Any CPU
		{66155478-9F0B-4B3D-A2A4-24CB73F86576}.Debug|Any CPU.ActiveCfg = Debug|Any CPU
		{66155478-9F0B-4B3D-A2A4-24CB73F86576}.Debug|Any CPU.Build.0 = Debug|Any CPU
		{66155478-9F0B-4B3D-A2A4-24CB73F86576}.Debug|x64.ActiveCfg = Debug|Any CPU
		{66155478-9F0B-4B3D-A2A4-24CB73F86576}.Debug|x64.Build.0 = Debug|Any CPU
		{66155478-9F0B-4B3D-A2A4-24CB73F86576}.Debug|x86.ActiveCfg = Debug|Any CPU
		{66155478-9F0B-4B3D-A2A4-24CB73F86576}.Debug|x86.Build.0 = Debug|Any CPU
		{66155478-9F0B-4B3D-A2A4-24CB73F86576}.Release|Any CPU.ActiveCfg = Release|Any CPU
		{66155478-9F0B-4B3D-A2A4-24CB73F86576}.Release|Any CPU.Build.0 = Release|Any CPU
		{66155478-9F0B-4B3D-A2A4-24CB73F86576}.Release|x64.ActiveCfg = Release|Any CPU
		{66155478-9F0B-4B3D-A2A4-24CB73F86576}.Release|x64.Build.0 = Release|Any CPU
		{66155478-9F0B-4B3D-A2A4-24CB73F86576}.Release|x86.ActiveCfg = Release|Any CPU
		{66155478-9F0B-4B3D-A2A4-24CB73F86576}.Release|x86.Build.0 = Release|Any CPU
		{E588B50F-46FA-469D-827F-D2D751197F23}.Debug|Any CPU.ActiveCfg = Debug|Any CPU
		{E588B50F-46FA-469D-827F-D2D751197F23}.Debug|Any CPU.Build.0 = Debug|Any CPU
		{E588B50F-46FA-469D-827F-D2D751197F23}.Debug|x64.ActiveCfg = Debug|Any CPU
		{E588B50F-46FA-469D-827F-D2D751197F23}.Debug|x64.Build.0 = Debug|Any CPU
		{E588B50F-46FA-469D-827F-D2D751197F23}.Debug|x86.ActiveCfg = Debug|Any CPU
		{E588B50F-46FA-469D-827F-D2D751197F23}.Debug|x86.Build.0 = Debug|Any CPU
		{E588B50F-46FA-469D-827F-D2D751197F23}.Release|Any CPU.ActiveCfg = Release|Any CPU
		{E588B50F-46FA-469D-827F-D2D751197F23}.Release|Any CPU.Build.0 = Release|Any CPU
		{E588B50F-46FA-469D-827F-D2D751197F23}.Release|x64.ActiveCfg = Release|Any CPU
		{E588B50F-46FA-469D-827F-D2D751197F23}.Release|x64.Build.0 = Release|Any CPU
		{E588B50F-46FA-469D-827F-D2D751197F23}.Release|x86.ActiveCfg = Release|Any CPU
		{E588B50F-46FA-469D-827F-D2D751197F23}.Release|x86.Build.0 = Release|Any CPU
	EndGlobalSection
	GlobalSection(SolutionProperties) = preSolution
		HideSolutionNode = FALSE
	EndGlobalSection
	GlobalSection(NestedProjects) = preSolution
		{75D6E80A-58F1-4C60-BAA9-71375CA9A431} = {8AE32190-4E08-4A82-B1F2-9FC7632E2B7B}
		{7F5A98DA-3A1B-42F0-89FA-2838D5558ABD} = {8AE32190-4E08-4A82-B1F2-9FC7632E2B7B}
		{96B23817-9DCF-4587-854C-DA5C5918689C} = {8AE32190-4E08-4A82-B1F2-9FC7632E2B7B}
		{BAFDE821-DE6E-4BF0-8E38-7A1EB153949C} = {8AE32190-4E08-4A82-B1F2-9FC7632E2B7B}
		{BD6DA961-1DA3-4BF3-BFF4-680DB78CB581} = {8AE32190-4E08-4A82-B1F2-9FC7632E2B7B}
		{5694259B-75D9-4546-BEA3-37FE8B20A238} = {8AE32190-4E08-4A82-B1F2-9FC7632E2B7B}
		{098414E5-5E01-4CE5-99C0-A3BEA51361C1} = {8AE32190-4E08-4A82-B1F2-9FC7632E2B7B}
		{915415D4-9F74-4C2B-999D-D85C5DE486B5} = {8AE32190-4E08-4A82-B1F2-9FC7632E2B7B}
		{C1CACDBE-877C-4538-9D49-18C50DA66133} = {8AE32190-4E08-4A82-B1F2-9FC7632E2B7B}
		{26D8B2AF-DABE-4DC4-B13E-0E1EE3992C5F} = {8AE32190-4E08-4A82-B1F2-9FC7632E2B7B}
		{4A9A5D12-A73D-4BDD-B675-4F7553E3501D} = {8AE32190-4E08-4A82-B1F2-9FC7632E2B7B}
		{A396A88E-1893-4928-8EA6-007D19F940BB} = {8AE32190-4E08-4A82-B1F2-9FC7632E2B7B}
		{206460F4-A9B0-4FFE-8E97-B7D07D0D5C01} = {8AE32190-4E08-4A82-B1F2-9FC7632E2B7B}
		{413BE016-89DD-45AD-BAA9-EBAC16DFFFBB} = {8AE32190-4E08-4A82-B1F2-9FC7632E2B7B}
		{0F45E711-E9E6-4EF1-B8F7-770BF85B74A9} = {8AE32190-4E08-4A82-B1F2-9FC7632E2B7B}
		{24B06DF1-E78F-4509-B683-1A7B766EC3BC} = {8AE32190-4E08-4A82-B1F2-9FC7632E2B7B}
		{DAE008E3-C7AB-4EFD-BC15-CE81E8515982} = {8AE32190-4E08-4A82-B1F2-9FC7632E2B7B}
		{6D057E83-99C8-473D-A2ED-00842BCFF617} = {8AE32190-4E08-4A82-B1F2-9FC7632E2B7B}
		{B01D0449-7B28-4D6A-80D5-A4E85EC6F1C9} = {8AE32190-4E08-4A82-B1F2-9FC7632E2B7B}
		{D82FD931-8C7C-4335-999C-35177F373A21} = {8AE32190-4E08-4A82-B1F2-9FC7632E2B7B}
		{B27EED6B-D7EB-4AB0-8044-3B43ED65629C} = {8AE32190-4E08-4A82-B1F2-9FC7632E2B7B}
		{3F0B1CE4-5398-4363-82F3-801F49BF828B} = {8AE32190-4E08-4A82-B1F2-9FC7632E2B7B}
		{B62BC2A7-09B1-402D-AEF2-0EB7B0361825} = {8AE32190-4E08-4A82-B1F2-9FC7632E2B7B}
		{7C4B85A2-2780-4AA6-8D3A-3C3604CE52E5} = {8AE32190-4E08-4A82-B1F2-9FC7632E2B7B}
		{3C966A96-8363-43CB-BBC4-24D1DB32107D} = {8AE32190-4E08-4A82-B1F2-9FC7632E2B7B}
		{89A77D39-FA0B-4AA5-A6B3-6B735F2E4119} = {8AE32190-4E08-4A82-B1F2-9FC7632E2B7B}
		{A6405FFE-A9F5-417B-B8E0-60E4373AC20F} = {8AE32190-4E08-4A82-B1F2-9FC7632E2B7B}
		{8E2EF353-B41F-4442-A992-4630840B0FDD} = {8AE32190-4E08-4A82-B1F2-9FC7632E2B7B}
		{FAB39323-A405-4981-9805-8B2661EBCE92} = {8AE32190-4E08-4A82-B1F2-9FC7632E2B7B}
		{EDCD92FD-65D4-4C74-BB55-6D4D32FAF4A2} = {8AE32190-4E08-4A82-B1F2-9FC7632E2B7B}
		{20F8E8B4-5702-4786-A4BD-2E0FC92A1493} = {8AE32190-4E08-4A82-B1F2-9FC7632E2B7B}
		{8AB25FA8-E0F6-44A7-8FB7-8227F98D29C9} = {8AE32190-4E08-4A82-B1F2-9FC7632E2B7B}
		{9FBC97A7-2D65-4340-A055-81F7C26DA85D} = {8AE32190-4E08-4A82-B1F2-9FC7632E2B7B}
		{A577DCE8-0DB5-4403-9147-480B20DED3B5} = {8AE32190-4E08-4A82-B1F2-9FC7632E2B7B}
		{6F632649-FA95-4D07-AD23-8BF26620FC7E} = {8AE32190-4E08-4A82-B1F2-9FC7632E2B7B}
		{5FA82C9B-B7CC-415E-974E-50A8D90D4D8A} = {8AE32190-4E08-4A82-B1F2-9FC7632E2B7B}
		{AAD4DA3B-A8AB-4B50-8463-19FF2F26F898} = {8AE32190-4E08-4A82-B1F2-9FC7632E2B7B}
		{98E949A0-C178-410F-A58A-44A32275026B} = {8AE32190-4E08-4A82-B1F2-9FC7632E2B7B}
		{F49CBF8D-A968-4DAF-9C95-DFF4CBC51DF8} = {8AE32190-4E08-4A82-B1F2-9FC7632E2B7B}
		{24A0EC91-48C4-4D73-BD72-54A5C47A089D} = {8AE32190-4E08-4A82-B1F2-9FC7632E2B7B}
		{03D4BFA0-3E3C-48B8-A7E6-3BBFE105B5E0} = {8AE32190-4E08-4A82-B1F2-9FC7632E2B7B}
		{599F1906-F580-4316-93AD-CD15CA8750E9} = {8AE32190-4E08-4A82-B1F2-9FC7632E2B7B}
		{06B87846-B995-42F7-9A24-0566E528348F} = {8AE32190-4E08-4A82-B1F2-9FC7632E2B7B}
		{1A94AC32-8BF4-4CBA-95A7-7B6013D1EDB7} = {8AE32190-4E08-4A82-B1F2-9FC7632E2B7B}
		{6177562E-F148-4C84-A35C-4864A5A8168E} = {8AE32190-4E08-4A82-B1F2-9FC7632E2B7B}
		{0AFD1646-E566-47C0-9218-A0C5B6890077} = {8AE32190-4E08-4A82-B1F2-9FC7632E2B7B}
		{2C3B9F19-3D1A-4D9D-B0A3-E01E1A30F631} = {8AE32190-4E08-4A82-B1F2-9FC7632E2B7B}
		{A70EB94F-DDDA-4A9F-A8F3-FB835F7F23BA} = {8AE32190-4E08-4A82-B1F2-9FC7632E2B7B}
		{C15F99D3-EFB3-4959-8EEE-E1D6C3E0A2FA} = {8AE32190-4E08-4A82-B1F2-9FC7632E2B7B}
		{66155478-9F0B-4B3D-A2A4-24CB73F86576} = {8AE32190-4E08-4A82-B1F2-9FC7632E2B7B}
		{E588B50F-46FA-469D-827F-D2D751197F23} = {8AE32190-4E08-4A82-B1F2-9FC7632E2B7B}
	EndGlobalSection
	GlobalSection(ExtensibilityGlobals) = postSolution
		SolutionGuid = {21F62195-B428-4147-9CC0-530B88CE1E62}
	EndGlobalSection
EndGlobal
